// !$*UTF8*$!
{
	archiveVersion = 1;
	classes = {
	};
	objectVersion = 55;
	objects = {

/* Begin PBXBuildFile section */
		73060F0228B3751400DE8D4F /* SearchViewController.swift in Sources */ = {isa = PBXBuildFile; fileRef = 73060F0128B3751400DE8D4F /* SearchViewController.swift */; };
		73060F0428B37FD000DE8D4F /* CloseButtonWithTitleView.swift in Sources */ = {isa = PBXBuildFile; fileRef = 73060F0328B37FD000DE8D4F /* CloseButtonWithTitleView.swift */; };
		731693F028C3116200ED847F /* CalendarViewController.swift in Sources */ = {isa = PBXBuildFile; fileRef = 731693EF28C3116200ED847F /* CalendarViewController.swift */; };
		7330525F28770544009065CC /* AppDelegate.swift in Sources */ = {isa = PBXBuildFile; fileRef = 7330525E28770544009065CC /* AppDelegate.swift */; };
		7330526128770544009065CC /* SceneDelegate.swift in Sources */ = {isa = PBXBuildFile; fileRef = 7330526028770544009065CC /* SceneDelegate.swift */; };
		7330526328770544009065CC /* HomeViewController.swift in Sources */ = {isa = PBXBuildFile; fileRef = 7330526228770544009065CC /* HomeViewController.swift */; };
		7330526828770546009065CC /* Assets.xcassets in Resources */ = {isa = PBXBuildFile; fileRef = 7330526728770546009065CC /* Assets.xcassets */; };
		73399DFC289B705500201328 /* HomeCoordinator.swift in Sources */ = {isa = PBXBuildFile; fileRef = 73399DFB289B705500201328 /* HomeCoordinator.swift */; };
		7345F63C2897A5D00000E53F /* Observable.swift in Sources */ = {isa = PBXBuildFile; fileRef = 7345F63B2897A5D00000E53F /* Observable.swift */; };
		7345F63E2897B3170000E53F /* HomeViewModel.swift in Sources */ = {isa = PBXBuildFile; fileRef = 7345F63D2897B3170000E53F /* HomeViewModel.swift */; };
		734A408C2878417400BB2831 /* .swiftlint.yml in Resources */ = {isa = PBXBuildFile; fileRef = 734A408B2878417400BB2831 /* .swiftlint.yml */; };
		7362210828C5C64B003052A0 /* UseCase.swift in Sources */ = {isa = PBXBuildFile; fileRef = 7362210728C5C64B003052A0 /* UseCase.swift */; };
		7362210D28C5C75B003052A0 /* Repository.swift in Sources */ = {isa = PBXBuildFile; fileRef = 7362210C28C5C75B003052A0 /* Repository.swift */; };
		7362211628C5C7EA003052A0 /* NetworkError.swift in Sources */ = {isa = PBXBuildFile; fileRef = 7362211528C5C7EA003052A0 /* NetworkError.swift */; };
		7362211928C5CFD2003052A0 /* MapTableViewCell.swift in Sources */ = {isa = PBXBuildFile; fileRef = 7362211828C5CFD2003052A0 /* MapTableViewCell.swift */; };
		737B13AB28AF273F00097DCE /* MapViewController.swift in Sources */ = {isa = PBXBuildFile; fileRef = 737B13AA28AF273F00097DCE /* MapViewController.swift */; };
		7389D06628A4D28500BC58A4 /* SuggestCell.swift in Sources */ = {isa = PBXBuildFile; fileRef = 7389D06528A4D28500BC58A4 /* SuggestCell.swift */; };
		7389D06C28A4D6C600BC58A4 /* Font.swift in Sources */ = {isa = PBXBuildFile; fileRef = 7389D06B28A4D6C600BC58A4 /* Font.swift */; };
		7389D06E28A4D9A800BC58A4 /* Suggest.swift in Sources */ = {isa = PBXBuildFile; fileRef = 7389D06D28A4D9A800BC58A4 /* Suggest.swift */; };
		7389D07228A4DACD00BC58A4 /* CityCell.swift in Sources */ = {isa = PBXBuildFile; fileRef = 7389D07128A4DACD00BC58A4 /* CityCell.swift */; };
		7389D07428A4DAE500BC58A4 /* City.swift in Sources */ = {isa = PBXBuildFile; fileRef = 7389D07328A4DAE500BC58A4 /* City.swift */; };
		7389D07728A4DCB400BC58A4 /* Extension+UIColor.swift in Sources */ = {isa = PBXBuildFile; fileRef = 7389D07628A4DCB400BC58A4 /* Extension+UIColor.swift */; };
		7389D07928A4E37E00BC58A4 /* LayoutFactory.swift in Sources */ = {isa = PBXBuildFile; fileRef = 7389D07828A4E37E00BC58A4 /* LayoutFactory.swift */; };
		7389D07B28A4EE8800BC58A4 /* HeaderView.swift in Sources */ = {isa = PBXBuildFile; fileRef = 7389D07A28A4EE8800BC58A4 /* HeaderView.swift */; };
		7389D07D28A4F2ED00BC58A4 /* Text.swift in Sources */ = {isa = PBXBuildFile; fileRef = 7389D07C28A4F2ED00BC58A4 /* Text.swift */; };
		7389D08228A4F5D800BC58A4 /* ButtonWithImageAndTitle.swift in Sources */ = {isa = PBXBuildFile; fileRef = 7389D08128A4F5D800BC58A4 /* ButtonWithImageAndTitle.swift */; };
		7390CF0B28B498F500D8F2EF /* DiffableDataSourceManager.swift in Sources */ = {isa = PBXBuildFile; fileRef = 7390CF0A28B498F500D8F2EF /* DiffableDataSourceManager.swift */; };
		7390CF0D28B4A49700D8F2EF /* SearchViewModel.swift in Sources */ = {isa = PBXBuildFile; fileRef = 7390CF0C28B4A49700D8F2EF /* SearchViewModel.swift */; };
		7390CF0F28B4A4D200D8F2EF /* SearchViewModelProtocol.swift in Sources */ = {isa = PBXBuildFile; fileRef = 7390CF0E28B4A4D200D8F2EF /* SearchViewModelProtocol.swift */; };
		7390CF1128B4A52E00D8F2EF /* CellData.swift in Sources */ = {isa = PBXBuildFile; fileRef = 7390CF1028B4A52E00D8F2EF /* CellData.swift */; };
		7390CF1328B4AD8500D8F2EF /* Delegate.swift in Sources */ = {isa = PBXBuildFile; fileRef = 7390CF1228B4AD8500D8F2EF /* Delegate.swift */; };
		7397399828A6184800213606 /* NotoSansKR-Bold.otf in Resources */ = {isa = PBXBuildFile; fileRef = 7397399528A6184300213606 /* NotoSansKR-Bold.otf */; };
		7397399928A6184800213606 /* NotoSansKR-Medium.otf in Resources */ = {isa = PBXBuildFile; fileRef = 7397399628A6184300213606 /* NotoSansKR-Medium.otf */; };
		7397399A28A6184800213606 /* NotoSansKR-Regular.otf in Resources */ = {isa = PBXBuildFile; fileRef = 7397399728A6184300213606 /* NotoSansKR-Regular.otf */; };
		7397399B28A6184800213606 /* NotoSansKR-Black.otf in Resources */ = {isa = PBXBuildFile; fileRef = 7397399428A6184300213606 /* NotoSansKR-Black.otf */; };
		7397399C28A6184800213606 /* NotoSansKR-Thin.otf in Resources */ = {isa = PBXBuildFile; fileRef = 7397399328A6184300213606 /* NotoSansKR-Thin.otf */; };
		739739A328A6187D00213606 /* Roboto-Black.ttf in Resources */ = {isa = PBXBuildFile; fileRef = 739739A128A6187600213606 /* Roboto-Black.ttf */; };
		739739A428A6187D00213606 /* Roboto-Light.ttf in Resources */ = {isa = PBXBuildFile; fileRef = 7397399F28A6187600213606 /* Roboto-Light.ttf */; };
		739739A528A6187D00213606 /* Roboto-Bold.ttf in Resources */ = {isa = PBXBuildFile; fileRef = 739739A228A6187600213606 /* Roboto-Bold.ttf */; };
		739739A628A6187D00213606 /* Roboto-Regular.ttf in Resources */ = {isa = PBXBuildFile; fileRef = 739739A028A6187600213606 /* Roboto-Regular.ttf */; };
		739739A728A6187D00213606 /* Roboto-Thin.ttf in Resources */ = {isa = PBXBuildFile; fileRef = 7397399D28A6187600213606 /* Roboto-Thin.ttf */; };
		739739A828A6187D00213606 /* Roboto-Medium.ttf in Resources */ = {isa = PBXBuildFile; fileRef = 7397399E28A6187600213606 /* Roboto-Medium.ttf */; };
		739739AC28A61E0C00213606 /* LoginViewController.swift in Sources */ = {isa = PBXBuildFile; fileRef = 739739AB28A61E0C00213606 /* LoginViewController.swift */; };
		739739AF28A61E3E00213606 /* WishListViewController.swift in Sources */ = {isa = PBXBuildFile; fileRef = 739739AE28A61E3E00213606 /* WishListViewController.swift */; };
		739739B128A623E400213606 /* AppCoordinator.swift in Sources */ = {isa = PBXBuildFile; fileRef = 739739B028A623E400213606 /* AppCoordinator.swift */; };
		739F0E3E28B602A5003B7662 /* SearchCoordinator.swift in Sources */ = {isa = PBXBuildFile; fileRef = 739F0E3D28B602A5003B7662 /* SearchCoordinator.swift */; };
		73BD0414293DB442000A762C /* MapViewModel.swift in Sources */ = {isa = PBXBuildFile; fileRef = 73BD0413293DB442000A762C /* MapViewModel.swift */; };
		73CCF09528AB62BB004B8226 /* SectionType.swift in Sources */ = {isa = PBXBuildFile; fileRef = 73CCF09428AB62BB004B8226 /* SectionType.swift */; };
		73CCF09728AB670C004B8226 /* ItemType.swift in Sources */ = {isa = PBXBuildFile; fileRef = 73CCF09628AB670C004B8226 /* ItemType.swift */; };
		73CCF09928AB84B6004B8226 /* CollectionViewRegistration.swift in Sources */ = {isa = PBXBuildFile; fileRef = 73CCF09828AB84B6004B8226 /* CollectionViewRegistration.swift */; };
		73CCF0D728AC9175004B8226 /* SearchBarView.swift in Sources */ = {isa = PBXBuildFile; fileRef = 73CCF0D628AC9175004B8226 /* SearchBarView.swift */; };
		73DCFCDA28990F3900544915 /* Log.swift in Sources */ = {isa = PBXBuildFile; fileRef = 73DCFCD928990F3900544915 /* Log.swift */; };
		73DCFCDD2899121A00544915 /* HomeViewModelProtocol.swift in Sources */ = {isa = PBXBuildFile; fileRef = 73DCFCDC2899121A00544915 /* HomeViewModelProtocol.swift */; };
		73DFEBC4293EDE000073AA95 /* MapTableCellView.swift in Sources */ = {isa = PBXBuildFile; fileRef = 73DFEBC3293EDE000073AA95 /* MapTableCellView.swift */; };
		73DFEBC8293F68B70073AA95 /* Entity.swift in Sources */ = {isa = PBXBuildFile; fileRef = 73DFEBC7293F68B70073AA95 /* Entity.swift */; };
		73F907E728C719D700AE9CA3 /* MapTableViewDataSource.swift in Sources */ = {isa = PBXBuildFile; fileRef = 73F907E628C719D700AE9CA3 /* MapTableViewDataSource.swift */; };
		C96D78BA1D90B3E9A8149A05 /* Pods_Airbnb.framework in Frameworks */ = {isa = PBXBuildFile; fileRef = 02FF3D47058EE83FA279C16E /* Pods_Airbnb.framework */; };
/* End PBXBuildFile section */

/* Begin PBXFileReference section */
		02FF3D47058EE83FA279C16E /* Pods_Airbnb.framework */ = {isa = PBXFileReference; explicitFileType = wrapper.framework; includeInIndex = 0; path = Pods_Airbnb.framework; sourceTree = BUILT_PRODUCTS_DIR; };
		5577C1EEC7788A90EF41A8EF /* Pods-Airbnb.release.xcconfig */ = {isa = PBXFileReference; includeInIndex = 1; lastKnownFileType = text.xcconfig; name = "Pods-Airbnb.release.xcconfig"; path = "Target Support Files/Pods-Airbnb/Pods-Airbnb.release.xcconfig"; sourceTree = "<group>"; };
		73060F0128B3751400DE8D4F /* SearchViewController.swift */ = {isa = PBXFileReference; lastKnownFileType = sourcecode.swift; path = SearchViewController.swift; sourceTree = "<group>"; };
		73060F0328B37FD000DE8D4F /* CloseButtonWithTitleView.swift */ = {isa = PBXFileReference; lastKnownFileType = sourcecode.swift; path = CloseButtonWithTitleView.swift; sourceTree = "<group>"; };
		731693EF28C3116200ED847F /* CalendarViewController.swift */ = {isa = PBXFileReference; lastKnownFileType = sourcecode.swift; path = CalendarViewController.swift; sourceTree = "<group>"; };
		7330525B28770544009065CC /* Airbnb.app */ = {isa = PBXFileReference; explicitFileType = wrapper.application; includeInIndex = 0; path = Airbnb.app; sourceTree = BUILT_PRODUCTS_DIR; };
		7330525E28770544009065CC /* AppDelegate.swift */ = {isa = PBXFileReference; lastKnownFileType = sourcecode.swift; path = AppDelegate.swift; sourceTree = "<group>"; };
		7330526028770544009065CC /* SceneDelegate.swift */ = {isa = PBXFileReference; lastKnownFileType = sourcecode.swift; path = SceneDelegate.swift; sourceTree = "<group>"; };
		7330526228770544009065CC /* HomeViewController.swift */ = {isa = PBXFileReference; lastKnownFileType = sourcecode.swift; path = HomeViewController.swift; sourceTree = "<group>"; };
		7330526728770546009065CC /* Assets.xcassets */ = {isa = PBXFileReference; lastKnownFileType = folder.assetcatalog; path = Assets.xcassets; sourceTree = "<group>"; };
		73399DFB289B705500201328 /* HomeCoordinator.swift */ = {isa = PBXFileReference; lastKnownFileType = sourcecode.swift; path = HomeCoordinator.swift; sourceTree = "<group>"; };
		7345F63B2897A5D00000E53F /* Observable.swift */ = {isa = PBXFileReference; lastKnownFileType = sourcecode.swift; path = Observable.swift; sourceTree = "<group>"; };
		7345F63D2897B3170000E53F /* HomeViewModel.swift */ = {isa = PBXFileReference; lastKnownFileType = sourcecode.swift; path = HomeViewModel.swift; sourceTree = "<group>"; };
		734A408B2878417400BB2831 /* .swiftlint.yml */ = {isa = PBXFileReference; lastKnownFileType = text.yaml; path = .swiftlint.yml; sourceTree = "<group>"; };
		7362210728C5C64B003052A0 /* UseCase.swift */ = {isa = PBXFileReference; lastKnownFileType = sourcecode.swift; path = UseCase.swift; sourceTree = "<group>"; };
		7362210C28C5C75B003052A0 /* Repository.swift */ = {isa = PBXFileReference; lastKnownFileType = sourcecode.swift; path = Repository.swift; sourceTree = "<group>"; };
		7362211528C5C7EA003052A0 /* NetworkError.swift */ = {isa = PBXFileReference; lastKnownFileType = sourcecode.swift; path = NetworkError.swift; sourceTree = "<group>"; };
		7362211828C5CFD2003052A0 /* MapTableViewCell.swift */ = {isa = PBXFileReference; lastKnownFileType = sourcecode.swift; path = MapTableViewCell.swift; sourceTree = "<group>"; };
		737B13AA28AF273F00097DCE /* MapViewController.swift */ = {isa = PBXFileReference; lastKnownFileType = sourcecode.swift; path = MapViewController.swift; sourceTree = "<group>"; };
		7389D06528A4D28500BC58A4 /* SuggestCell.swift */ = {isa = PBXFileReference; lastKnownFileType = sourcecode.swift; path = SuggestCell.swift; sourceTree = "<group>"; };
		7389D06B28A4D6C600BC58A4 /* Font.swift */ = {isa = PBXFileReference; lastKnownFileType = sourcecode.swift; path = Font.swift; sourceTree = "<group>"; };
		7389D06D28A4D9A800BC58A4 /* Suggest.swift */ = {isa = PBXFileReference; lastKnownFileType = sourcecode.swift; path = Suggest.swift; sourceTree = "<group>"; };
		7389D07128A4DACD00BC58A4 /* CityCell.swift */ = {isa = PBXFileReference; lastKnownFileType = sourcecode.swift; path = CityCell.swift; sourceTree = "<group>"; };
		7389D07328A4DAE500BC58A4 /* City.swift */ = {isa = PBXFileReference; lastKnownFileType = sourcecode.swift; path = City.swift; sourceTree = "<group>"; };
		7389D07628A4DCB400BC58A4 /* Extension+UIColor.swift */ = {isa = PBXFileReference; lastKnownFileType = sourcecode.swift; path = "Extension+UIColor.swift"; sourceTree = "<group>"; };
		7389D07828A4E37E00BC58A4 /* LayoutFactory.swift */ = {isa = PBXFileReference; lastKnownFileType = sourcecode.swift; path = LayoutFactory.swift; sourceTree = "<group>"; };
		7389D07A28A4EE8800BC58A4 /* HeaderView.swift */ = {isa = PBXFileReference; lastKnownFileType = sourcecode.swift; path = HeaderView.swift; sourceTree = "<group>"; };
		7389D07C28A4F2ED00BC58A4 /* Text.swift */ = {isa = PBXFileReference; lastKnownFileType = sourcecode.swift; path = Text.swift; sourceTree = "<group>"; };
		7389D08128A4F5D800BC58A4 /* ButtonWithImageAndTitle.swift */ = {isa = PBXFileReference; lastKnownFileType = sourcecode.swift; path = ButtonWithImageAndTitle.swift; sourceTree = "<group>"; };
		7390CF0A28B498F500D8F2EF /* DiffableDataSourceManager.swift */ = {isa = PBXFileReference; lastKnownFileType = sourcecode.swift; path = DiffableDataSourceManager.swift; sourceTree = "<group>"; };
		7390CF0C28B4A49700D8F2EF /* SearchViewModel.swift */ = {isa = PBXFileReference; lastKnownFileType = sourcecode.swift; path = SearchViewModel.swift; sourceTree = "<group>"; };
		7390CF0E28B4A4D200D8F2EF /* SearchViewModelProtocol.swift */ = {isa = PBXFileReference; lastKnownFileType = sourcecode.swift; path = SearchViewModelProtocol.swift; sourceTree = "<group>"; };
		7390CF1028B4A52E00D8F2EF /* CellData.swift */ = {isa = PBXFileReference; lastKnownFileType = sourcecode.swift; path = CellData.swift; sourceTree = "<group>"; };
		7390CF1228B4AD8500D8F2EF /* Delegate.swift */ = {isa = PBXFileReference; lastKnownFileType = sourcecode.swift; path = Delegate.swift; sourceTree = "<group>"; };
		7397398828A6169C00213606 /* Info.plist */ = {isa = PBXFileReference; fileEncoding = 4; lastKnownFileType = text.plist.xml; path = Info.plist; sourceTree = "<group>"; };
		7397399328A6184300213606 /* NotoSansKR-Thin.otf */ = {isa = PBXFileReference; lastKnownFileType = file; path = "NotoSansKR-Thin.otf"; sourceTree = "<group>"; };
		7397399428A6184300213606 /* NotoSansKR-Black.otf */ = {isa = PBXFileReference; lastKnownFileType = file; path = "NotoSansKR-Black.otf"; sourceTree = "<group>"; };
		7397399528A6184300213606 /* NotoSansKR-Bold.otf */ = {isa = PBXFileReference; lastKnownFileType = file; path = "NotoSansKR-Bold.otf"; sourceTree = "<group>"; };
		7397399628A6184300213606 /* NotoSansKR-Medium.otf */ = {isa = PBXFileReference; lastKnownFileType = file; path = "NotoSansKR-Medium.otf"; sourceTree = "<group>"; };
		7397399728A6184300213606 /* NotoSansKR-Regular.otf */ = {isa = PBXFileReference; lastKnownFileType = file; path = "NotoSansKR-Regular.otf"; sourceTree = "<group>"; };
		7397399D28A6187600213606 /* Roboto-Thin.ttf */ = {isa = PBXFileReference; lastKnownFileType = file; path = "Roboto-Thin.ttf"; sourceTree = "<group>"; };
		7397399E28A6187600213606 /* Roboto-Medium.ttf */ = {isa = PBXFileReference; lastKnownFileType = file; path = "Roboto-Medium.ttf"; sourceTree = "<group>"; };
		7397399F28A6187600213606 /* Roboto-Light.ttf */ = {isa = PBXFileReference; lastKnownFileType = file; path = "Roboto-Light.ttf"; sourceTree = "<group>"; };
		739739A028A6187600213606 /* Roboto-Regular.ttf */ = {isa = PBXFileReference; lastKnownFileType = file; path = "Roboto-Regular.ttf"; sourceTree = "<group>"; };
		739739A128A6187600213606 /* Roboto-Black.ttf */ = {isa = PBXFileReference; lastKnownFileType = file; path = "Roboto-Black.ttf"; sourceTree = "<group>"; };
		739739A228A6187600213606 /* Roboto-Bold.ttf */ = {isa = PBXFileReference; lastKnownFileType = file; path = "Roboto-Bold.ttf"; sourceTree = "<group>"; };
		739739AB28A61E0C00213606 /* LoginViewController.swift */ = {isa = PBXFileReference; lastKnownFileType = sourcecode.swift; path = LoginViewController.swift; sourceTree = "<group>"; };
		739739AE28A61E3E00213606 /* WishListViewController.swift */ = {isa = PBXFileReference; lastKnownFileType = sourcecode.swift; path = WishListViewController.swift; sourceTree = "<group>"; };
		739739B028A623E400213606 /* AppCoordinator.swift */ = {isa = PBXFileReference; lastKnownFileType = sourcecode.swift; path = AppCoordinator.swift; sourceTree = "<group>"; };
		739F0E3D28B602A5003B7662 /* SearchCoordinator.swift */ = {isa = PBXFileReference; lastKnownFileType = sourcecode.swift; path = SearchCoordinator.swift; sourceTree = "<group>"; };
		73BD0413293DB442000A762C /* MapViewModel.swift */ = {isa = PBXFileReference; lastKnownFileType = sourcecode.swift; path = MapViewModel.swift; sourceTree = "<group>"; };
		73CCF09428AB62BB004B8226 /* SectionType.swift */ = {isa = PBXFileReference; lastKnownFileType = sourcecode.swift; path = SectionType.swift; sourceTree = "<group>"; };
		73CCF09628AB670C004B8226 /* ItemType.swift */ = {isa = PBXFileReference; lastKnownFileType = sourcecode.swift; path = ItemType.swift; sourceTree = "<group>"; };
		73CCF09828AB84B6004B8226 /* CollectionViewRegistration.swift */ = {isa = PBXFileReference; lastKnownFileType = sourcecode.swift; path = CollectionViewRegistration.swift; sourceTree = "<group>"; };
		73CCF0D628AC9175004B8226 /* SearchBarView.swift */ = {isa = PBXFileReference; lastKnownFileType = sourcecode.swift; path = SearchBarView.swift; sourceTree = "<group>"; };
		73DCFCD928990F3900544915 /* Log.swift */ = {isa = PBXFileReference; lastKnownFileType = sourcecode.swift; path = Log.swift; sourceTree = "<group>"; };
		73DCFCDC2899121A00544915 /* HomeViewModelProtocol.swift */ = {isa = PBXFileReference; lastKnownFileType = sourcecode.swift; path = HomeViewModelProtocol.swift; sourceTree = "<group>"; };
		73DFEBC3293EDE000073AA95 /* MapTableCellView.swift */ = {isa = PBXFileReference; lastKnownFileType = sourcecode.swift; path = MapTableCellView.swift; sourceTree = "<group>"; };
		73DFEBC7293F68B70073AA95 /* Entity.swift */ = {isa = PBXFileReference; lastKnownFileType = sourcecode.swift; path = Entity.swift; sourceTree = "<group>"; };
		73F907E628C719D700AE9CA3 /* MapTableViewDataSource.swift */ = {isa = PBXFileReference; lastKnownFileType = sourcecode.swift; path = MapTableViewDataSource.swift; sourceTree = "<group>"; };
		C562D27082F1CD79FE807630 /* Pods-Airbnb.debug.xcconfig */ = {isa = PBXFileReference; includeInIndex = 1; lastKnownFileType = text.xcconfig; name = "Pods-Airbnb.debug.xcconfig"; path = "Target Support Files/Pods-Airbnb/Pods-Airbnb.debug.xcconfig"; sourceTree = "<group>"; };
/* End PBXFileReference section */

/* Begin PBXFrameworksBuildPhase section */
		7330525828770543009065CC /* Frameworks */ = {
			isa = PBXFrameworksBuildPhase;
			buildActionMask = 2147483647;
			files = (
				C96D78BA1D90B3E9A8149A05 /* Pods_Airbnb.framework in Frameworks */,
			);
			runOnlyForDeploymentPostprocessing = 0;
		};
/* End PBXFrameworksBuildPhase section */

/* Begin PBXGroup section */
		02267CFEF300B2455F045F4C /* Frameworks */ = {
			isa = PBXGroup;
			children = (
				02FF3D47058EE83FA279C16E /* Pods_Airbnb.framework */,
			);
			name = Frameworks;
			sourceTree = "<group>";
		};
		73060EFB28B373AB00DE8D4F /* Delegate&DataSource */ = {
			isa = PBXGroup;
			children = (
				7390CF1228B4AD8500D8F2EF /* Delegate.swift */,
				73CCF09828AB84B6004B8226 /* CollectionViewRegistration.swift */,
				7390CF0A28B498F500D8F2EF /* DiffableDataSourceManager.swift */,
				73F907E628C719D700AE9CA3 /* MapTableViewDataSource.swift */,
			);
			path = "Delegate&DataSource";
			sourceTree = "<group>";
		};
		73060F0028B3750000DE8D4F /* Search */ = {
			isa = PBXGroup;
			children = (
				7390CF1528B4B44700D8F2EF /* ViewModel */,
				7390CF1428B4B44000D8F2EF /* View */,
			);
			path = Search;
			sourceTree = "<group>";
		};
		73060F0528B37FE000DE8D4F /* UI */ = {
			isa = PBXGroup;
			children = (
				7389D08128A4F5D800BC58A4 /* ButtonWithImageAndTitle.swift */,
				73CCF0D628AC9175004B8226 /* SearchBarView.swift */,
				73060F0328B37FD000DE8D4F /* CloseButtonWithTitleView.swift */,
				7389D07A28A4EE8800BC58A4 /* HeaderView.swift */,
			);
			path = UI;
			sourceTree = "<group>";
		};
		731693EE28C3109C00ED847F /* Calendar */ = {
			isa = PBXGroup;
			children = (
				731693F128C3116600ED847F /* View */,
			);
			path = Calendar;
			sourceTree = "<group>";
		};
		731693F128C3116600ED847F /* View */ = {
			isa = PBXGroup;
			children = (
				731693EF28C3116200ED847F /* CalendarViewController.swift */,
			);
			path = View;
			sourceTree = "<group>";
		};
		7330525228770543009065CC = {
			isa = PBXGroup;
			children = (
				734A408B2878417400BB2831 /* .swiftlint.yml */,
				7330525D28770544009065CC /* Airbnb */,
				7330525C28770544009065CC /* Products */,
				E8D4B2812318D2DE2C5B9E8F /* Pods */,
				02267CFEF300B2455F045F4C /* Frameworks */,
			);
			sourceTree = "<group>";
		};
		7330525C28770544009065CC /* Products */ = {
			isa = PBXGroup;
			children = (
				7330525B28770544009065CC /* Airbnb.app */,
			);
			name = Products;
			sourceTree = "<group>";
		};
		7330525D28770544009065CC /* Airbnb */ = {
			isa = PBXGroup;
			children = (
				7362210B28C5C744003052A0 /* Mock */,
				734A4088287840F600BB2831 /* Application */,
				7389D06F28A4D9E800BC58A4 /* Domain */,
				7362210928C5C703003052A0 /* Data */,
				73DCFCD728990F0A00544915 /* Presentation */,
				734A40892878410800BB2831 /* Resources */,
			);
			path = Airbnb;
			sourceTree = "<group>";
		};
		73399DFA289B695B00201328 /* Coordinator */ = {
			isa = PBXGroup;
			children = (
				73399DFB289B705500201328 /* HomeCoordinator.swift */,
				739F0E3D28B602A5003B7662 /* SearchCoordinator.swift */,
				739739B028A623E400213606 /* AppCoordinator.swift */,
			);
			path = Coordinator;
			sourceTree = "<group>";
		};
		734A4088287840F600BB2831 /* Application */ = {
			isa = PBXGroup;
			children = (
				73399DFA289B695B00201328 /* Coordinator */,
				7330525E28770544009065CC /* AppDelegate.swift */,
				7330526028770544009065CC /* SceneDelegate.swift */,
			);
			path = Application;
			sourceTree = "<group>";
		};
		734A40892878410800BB2831 /* Resources */ = {
			isa = PBXGroup;
			children = (
				7397398828A6169C00213606 /* Info.plist */,
				7330526728770546009065CC /* Assets.xcassets */,
				739739A928A61AEA00213606 /* font */,
			);
			path = Resources;
			sourceTree = "<group>";
		};
		734A408D2878418500BB2831 /* Home */ = {
			isa = PBXGroup;
			children = (
				73DCFCDB2899120700544915 /* ViewModel */,
				734A408E2878418B00BB2831 /* View */,
			);
			path = Home;
			sourceTree = "<group>";
		};
		734A408E2878418B00BB2831 /* View */ = {
			isa = PBXGroup;
			children = (
				7330526228770544009065CC /* HomeViewController.swift */,
				7389D06528A4D28500BC58A4 /* SuggestCell.swift */,
				7389D07128A4DACD00BC58A4 /* CityCell.swift */,
			);
			path = View;
			sourceTree = "<group>";
		};
		7362210928C5C703003052A0 /* Data */ = {
			isa = PBXGroup;
			children = (
				7362211428C5C7DA003052A0 /* Error */,
				7362211028C5C7AB003052A0 /* Entity */,
				7362210A28C5C712003052A0 /* Repository */,
			);
			path = Data;
			sourceTree = "<group>";
		};
		7362210A28C5C712003052A0 /* Repository */ = {
			isa = PBXGroup;
			children = (
				7362210C28C5C75B003052A0 /* Repository.swift */,
			);
			path = Repository;
			sourceTree = "<group>";
		};
		7362210B28C5C744003052A0 /* Mock */ = {
			isa = PBXGroup;
			children = (
				7390CF1028B4A52E00D8F2EF /* CellData.swift */,
			);
			path = Mock;
			sourceTree = "<group>";
		};
		7362211028C5C7AB003052A0 /* Entity */ = {
			isa = PBXGroup;
			children = (
				73DFEBC7293F68B70073AA95 /* Entity.swift */,
			);
			path = Entity;
			sourceTree = "<group>";
		};
		7362211428C5C7DA003052A0 /* Error */ = {
			isa = PBXGroup;
			children = (
				7362211528C5C7EA003052A0 /* NetworkError.swift */,
			);
			path = Error;
			sourceTree = "<group>";
		};
		7362211728C5CFAE003052A0 /* View */ = {
			isa = PBXGroup;
			children = (
				737B13AA28AF273F00097DCE /* MapViewController.swift */,
				7362211828C5CFD2003052A0 /* MapTableViewCell.swift */,
				73DFEBC3293EDE000073AA95 /* MapTableCellView.swift */,
			);
			path = View;
			sourceTree = "<group>";
		};
		737B13A928AF272B00097DCE /* Map */ = {
			isa = PBXGroup;
			children = (
				73BD0413293DB442000A762C /* MapViewModel.swift */,
				7362211728C5CFAE003052A0 /* View */,
			);
			path = Map;
			sourceTree = "<group>";
		};
		7389D06F28A4D9E800BC58A4 /* Domain */ = {
			isa = PBXGroup;
			children = (
				7362210728C5C64B003052A0 /* UseCase.swift */,
				7389D06D28A4D9A800BC58A4 /* Suggest.swift */,
				7389D07328A4DAE500BC58A4 /* City.swift */,
				73CCF09428AB62BB004B8226 /* SectionType.swift */,
				73CCF09628AB670C004B8226 /* ItemType.swift */,
			);
			path = Domain;
			sourceTree = "<group>";
		};
		7389D07528A4DC9900BC58A4 /* Extension */ = {
			isa = PBXGroup;
			children = (
				7389D07628A4DCB400BC58A4 /* Extension+UIColor.swift */,
			);
			path = Extension;
			sourceTree = "<group>";
		};
		7389D08028A4F5BA00BC58A4 /* Common */ = {
			isa = PBXGroup;
			children = (
				73060F0528B37FE000DE8D4F /* UI */,
				7389D07C28A4F2ED00BC58A4 /* Text.swift */,
				7389D06B28A4D6C600BC58A4 /* Font.swift */,
			);
			path = Common;
			sourceTree = "<group>";
		};
		7390CF1428B4B44000D8F2EF /* View */ = {
			isa = PBXGroup;
			children = (
				73060F0128B3751400DE8D4F /* SearchViewController.swift */,
			);
			path = View;
			sourceTree = "<group>";
		};
		7390CF1528B4B44700D8F2EF /* ViewModel */ = {
			isa = PBXGroup;
			children = (
				7390CF0E28B4A4D200D8F2EF /* SearchViewModelProtocol.swift */,
				7390CF0C28B4A49700D8F2EF /* SearchViewModel.swift */,
			);
			path = ViewModel;
			sourceTree = "<group>";
		};
		739739A928A61AEA00213606 /* font */ = {
			isa = PBXGroup;
			children = (
				7397399428A6184300213606 /* NotoSansKR-Black.otf */,
				7397399528A6184300213606 /* NotoSansKR-Bold.otf */,
				7397399628A6184300213606 /* NotoSansKR-Medium.otf */,
				7397399728A6184300213606 /* NotoSansKR-Regular.otf */,
				7397399328A6184300213606 /* NotoSansKR-Thin.otf */,
				739739A128A6187600213606 /* Roboto-Black.ttf */,
				739739A228A6187600213606 /* Roboto-Bold.ttf */,
				7397399F28A6187600213606 /* Roboto-Light.ttf */,
				7397399E28A6187600213606 /* Roboto-Medium.ttf */,
				739739A028A6187600213606 /* Roboto-Regular.ttf */,
				7397399D28A6187600213606 /* Roboto-Thin.ttf */,
			);
			path = font;
			sourceTree = "<group>";
		};
		739739AA28A61DDE00213606 /* Login */ = {
			isa = PBXGroup;
			children = (
				739739AB28A61E0C00213606 /* LoginViewController.swift */,
			);
			path = Login;
			sourceTree = "<group>";
		};
		739739AD28A61E2500213606 /* WishList */ = {
			isa = PBXGroup;
			children = (
				739739AE28A61E3E00213606 /* WishListViewController.swift */,
			);
			path = WishList;
			sourceTree = "<group>";
		};
		73DCFCD728990F0A00544915 /* Presentation */ = {
			isa = PBXGroup;
			children = (
				7389D07528A4DC9900BC58A4 /* Extension */,
				7389D08028A4F5BA00BC58A4 /* Common */,
				73DCFCD828990F2800544915 /* Util */,
				734A408D2878418500BB2831 /* Home */,
				73060F0028B3750000DE8D4F /* Search */,
				739739AD28A61E2500213606 /* WishList */,
				731693EE28C3109C00ED847F /* Calendar */,
				737B13A928AF272B00097DCE /* Map */,
				739739AA28A61DDE00213606 /* Login */,
			);
			path = Presentation;
			sourceTree = "<group>";
		};
		73DCFCD828990F2800544915 /* Util */ = {
			isa = PBXGroup;
			children = (
				73060EFB28B373AB00DE8D4F /* Delegate&DataSource */,
				7345F63B2897A5D00000E53F /* Observable.swift */,
				73DCFCD928990F3900544915 /* Log.swift */,
				7389D07828A4E37E00BC58A4 /* LayoutFactory.swift */,
			);
			path = Util;
			sourceTree = "<group>";
		};
		73DCFCDB2899120700544915 /* ViewModel */ = {
			isa = PBXGroup;
			children = (
				7345F63D2897B3170000E53F /* HomeViewModel.swift */,
				73DCFCDC2899121A00544915 /* HomeViewModelProtocol.swift */,
			);
			path = ViewModel;
			sourceTree = "<group>";
		};
		E8D4B2812318D2DE2C5B9E8F /* Pods */ = {
			isa = PBXGroup;
			children = (
				C562D27082F1CD79FE807630 /* Pods-Airbnb.debug.xcconfig */,
				5577C1EEC7788A90EF41A8EF /* Pods-Airbnb.release.xcconfig */,
			);
			path = Pods;
			sourceTree = "<group>";
		};
/* End PBXGroup section */

/* Begin PBXNativeTarget section */
		7330525A28770543009065CC /* Airbnb */ = {
			isa = PBXNativeTarget;
			buildConfigurationList = 7330526F28770546009065CC /* Build configuration list for PBXNativeTarget "Airbnb" */;
			buildPhases = (
				5DAAA966FAAFDC95377531B6 /* [CP] Check Pods Manifest.lock */,
				734A408F2878420800BB2831 /* Swift Lint Script */,
				7330525728770543009065CC /* Sources */,
				7330525828770543009065CC /* Frameworks */,
				7330525928770543009065CC /* Resources */,
				0A4D5E367CC61BA1D6736643 /* [CP] Embed Pods Frameworks */,
				8232693AFE7175201BD61EFF /* [CP] Copy Pods Resources */,
			);
			buildRules = (
			);
			dependencies = (
			);
			name = Airbnb;
			productName = Airbnb;
			productReference = 7330525B28770544009065CC /* Airbnb.app */;
			productType = "com.apple.product-type.application";
		};
/* End PBXNativeTarget section */

/* Begin PBXProject section */
		7330525328770543009065CC /* Project object */ = {
			isa = PBXProject;
			attributes = {
				BuildIndependentTargetsInParallel = 1;
				LastSwiftUpdateCheck = 1340;
				LastUpgradeCheck = 1340;
				TargetAttributes = {
					7330525A28770543009065CC = {
						CreatedOnToolsVersion = 13.4.1;
					};
				};
			};
			buildConfigurationList = 7330525628770543009065CC /* Build configuration list for PBXProject "Airbnb" */;
			compatibilityVersion = "Xcode 13.0";
			developmentRegion = en;
			hasScannedForEncodings = 0;
			knownRegions = (
				en,
				Base,
			);
			mainGroup = 7330525228770543009065CC;
			productRefGroup = 7330525C28770544009065CC /* Products */;
			projectDirPath = "";
			projectRoot = "";
			targets = (
				7330525A28770543009065CC /* Airbnb */,
			);
		};
/* End PBXProject section */

/* Begin PBXResourcesBuildPhase section */
		7330525928770543009065CC /* Resources */ = {
			isa = PBXResourcesBuildPhase;
			buildActionMask = 2147483647;
			files = (
				739739A828A6187D00213606 /* Roboto-Medium.ttf in Resources */,
				7397399C28A6184800213606 /* NotoSansKR-Thin.otf in Resources */,
				739739A628A6187D00213606 /* Roboto-Regular.ttf in Resources */,
				7397399928A6184800213606 /* NotoSansKR-Medium.otf in Resources */,
				739739A528A6187D00213606 /* Roboto-Bold.ttf in Resources */,
				734A408C2878417400BB2831 /* .swiftlint.yml in Resources */,
				739739A328A6187D00213606 /* Roboto-Black.ttf in Resources */,
				7330526828770546009065CC /* Assets.xcassets in Resources */,
				7397399828A6184800213606 /* NotoSansKR-Bold.otf in Resources */,
				739739A728A6187D00213606 /* Roboto-Thin.ttf in Resources */,
				7397399A28A6184800213606 /* NotoSansKR-Regular.otf in Resources */,
				7397399B28A6184800213606 /* NotoSansKR-Black.otf in Resources */,
				739739A428A6187D00213606 /* Roboto-Light.ttf in Resources */,
			);
			runOnlyForDeploymentPostprocessing = 0;
		};
/* End PBXResourcesBuildPhase section */

/* Begin PBXShellScriptBuildPhase section */
		0A4D5E367CC61BA1D6736643 /* [CP] Embed Pods Frameworks */ = {
			isa = PBXShellScriptBuildPhase;
			buildActionMask = 2147483647;
			files = (
			);
			inputFileListPaths = (
				"${PODS_ROOT}/Target Support Files/Pods-Airbnb/Pods-Airbnb-frameworks-${CONFIGURATION}-input-files.xcfilelist",
			);
			name = "[CP] Embed Pods Frameworks";
			outputFileListPaths = (
				"${PODS_ROOT}/Target Support Files/Pods-Airbnb/Pods-Airbnb-frameworks-${CONFIGURATION}-output-files.xcfilelist",
			);
			runOnlyForDeploymentPostprocessing = 0;
			shellPath = /bin/sh;
			shellScript = "\"${PODS_ROOT}/Target Support Files/Pods-Airbnb/Pods-Airbnb-frameworks.sh\"\n";
			showEnvVarsInLog = 0;
		};
		5DAAA966FAAFDC95377531B6 /* [CP] Check Pods Manifest.lock */ = {
			isa = PBXShellScriptBuildPhase;
			buildActionMask = 2147483647;
			files = (
			);
			inputFileListPaths = (
			);
			inputPaths = (
				"${PODS_PODFILE_DIR_PATH}/Podfile.lock",
				"${PODS_ROOT}/Manifest.lock",
			);
			name = "[CP] Check Pods Manifest.lock";
			outputFileListPaths = (
			);
			outputPaths = (
				"$(DERIVED_FILE_DIR)/Pods-Airbnb-checkManifestLockResult.txt",
			);
			runOnlyForDeploymentPostprocessing = 0;
			shellPath = /bin/sh;
			shellScript = "diff \"${PODS_PODFILE_DIR_PATH}/Podfile.lock\" \"${PODS_ROOT}/Manifest.lock\" > /dev/null\nif [ $? != 0 ] ; then\n    # print error to STDERR\n    echo \"error: The sandbox is not in sync with the Podfile.lock. Run 'pod install' or update your CocoaPods installation.\" >&2\n    exit 1\nfi\n# This output is used by Xcode 'outputs' to avoid re-running this script phase.\necho \"SUCCESS\" > \"${SCRIPT_OUTPUT_FILE_0}\"\n";
			showEnvVarsInLog = 0;
		};
		734A408F2878420800BB2831 /* Swift Lint Script */ = {
			isa = PBXShellScriptBuildPhase;
			buildActionMask = 2147483647;
			files = (
			);
			inputFileListPaths = (
			);
			inputPaths = (
			);
			name = "Swift Lint Script";
			outputFileListPaths = (
			);
			outputPaths = (
			);
			runOnlyForDeploymentPostprocessing = 0;
			shellPath = /bin/sh;
			shellScript = "\"${PODS_ROOT}/SwiftLint/swiftlint\"\n";
		};
		8232693AFE7175201BD61EFF /* [CP] Copy Pods Resources */ = {
			isa = PBXShellScriptBuildPhase;
			buildActionMask = 2147483647;
			files = (
			);
			inputFileListPaths = (
				"${PODS_ROOT}/Target Support Files/Pods-Airbnb/Pods-Airbnb-resources-${CONFIGURATION}-input-files.xcfilelist",
			);
			name = "[CP] Copy Pods Resources";
			outputFileListPaths = (
				"${PODS_ROOT}/Target Support Files/Pods-Airbnb/Pods-Airbnb-resources-${CONFIGURATION}-output-files.xcfilelist",
			);
			runOnlyForDeploymentPostprocessing = 0;
			shellPath = /bin/sh;
			shellScript = "\"${PODS_ROOT}/Target Support Files/Pods-Airbnb/Pods-Airbnb-resources.sh\"\n";
			showEnvVarsInLog = 0;
		};
/* End PBXShellScriptBuildPhase section */

/* Begin PBXSourcesBuildPhase section */
		7330525728770543009065CC /* Sources */ = {
			isa = PBXSourcesBuildPhase;
			buildActionMask = 2147483647;
			files = (
				73BD0414293DB442000A762C /* MapViewModel.swift in Sources */,
				7345F63E2897B3170000E53F /* HomeViewModel.swift in Sources */,
				739739AF28A61E3E00213606 /* WishListViewController.swift in Sources */,
				73399DFC289B705500201328 /* HomeCoordinator.swift in Sources */,
				7390CF1328B4AD8500D8F2EF /* Delegate.swift in Sources */,
				739F0E3E28B602A5003B7662 /* SearchCoordinator.swift in Sources */,
				73CCF09528AB62BB004B8226 /* SectionType.swift in Sources */,
				7389D07228A4DACD00BC58A4 /* CityCell.swift in Sources */,
				73CCF0D728AC9175004B8226 /* SearchBarView.swift in Sources */,
				7362211628C5C7EA003052A0 /* NetworkError.swift in Sources */,
				7362210D28C5C75B003052A0 /* Repository.swift in Sources */,
				7389D06C28A4D6C600BC58A4 /* Font.swift in Sources */,
				739739AC28A61E0C00213606 /* LoginViewController.swift in Sources */,
				7345F63C2897A5D00000E53F /* Observable.swift in Sources */,
				73DCFCDA28990F3900544915 /* Log.swift in Sources */,
				73060F0428B37FD000DE8D4F /* CloseButtonWithTitleView.swift in Sources */,
				7390CF0F28B4A4D200D8F2EF /* SearchViewModelProtocol.swift in Sources */,
				7330526328770544009065CC /* HomeViewController.swift in Sources */,
				73CCF09928AB84B6004B8226 /* CollectionViewRegistration.swift in Sources */,
				7389D08228A4F5D800BC58A4 /* ButtonWithImageAndTitle.swift in Sources */,
				73060F0228B3751400DE8D4F /* SearchViewController.swift in Sources */,
				73DCFCDD2899121A00544915 /* HomeViewModelProtocol.swift in Sources */,
				7389D06E28A4D9A800BC58A4 /* Suggest.swift in Sources */,
				7389D07728A4DCB400BC58A4 /* Extension+UIColor.swift in Sources */,
				73DFEBC4293EDE000073AA95 /* MapTableCellView.swift in Sources */,
				7330525F28770544009065CC /* AppDelegate.swift in Sources */,
				739739B128A623E400213606 /* AppCoordinator.swift in Sources */,
				731693F028C3116200ED847F /* CalendarViewController.swift in Sources */,
				7389D07D28A4F2ED00BC58A4 /* Text.swift in Sources */,
				737B13AB28AF273F00097DCE /* MapViewController.swift in Sources */,
				7390CF0B28B498F500D8F2EF /* DiffableDataSourceManager.swift in Sources */,
				7390CF0D28B4A49700D8F2EF /* SearchViewModel.swift in Sources */,
				7330526128770544009065CC /* SceneDelegate.swift in Sources */,
				73F907E728C719D700AE9CA3 /* MapTableViewDataSource.swift in Sources */,
				73CCF09728AB670C004B8226 /* ItemType.swift in Sources */,
				7389D07428A4DAE500BC58A4 /* City.swift in Sources */,
				7389D06628A4D28500BC58A4 /* SuggestCell.swift in Sources */,
				7389D07928A4E37E00BC58A4 /* LayoutFactory.swift in Sources */,
				7362210828C5C64B003052A0 /* UseCase.swift in Sources */,
				73DFEBC8293F68B70073AA95 /* Entity.swift in Sources */,
				7389D07B28A4EE8800BC58A4 /* HeaderView.swift in Sources */,
				7362211928C5CFD2003052A0 /* MapTableViewCell.swift in Sources */,
				7390CF1128B4A52E00D8F2EF /* CellData.swift in Sources */,
			);
			runOnlyForDeploymentPostprocessing = 0;
		};
/* End PBXSourcesBuildPhase section */

/* Begin XCBuildConfiguration section */
		7330526D28770546009065CC /* Debug */ = {
			isa = XCBuildConfiguration;
			buildSettings = {
				ALWAYS_SEARCH_USER_PATHS = NO;
				CLANG_ANALYZER_NONNULL = YES;
				CLANG_ANALYZER_NUMBER_OBJECT_CONVERSION = YES_AGGRESSIVE;
				CLANG_CXX_LANGUAGE_STANDARD = "gnu++17";
				CLANG_ENABLE_MODULES = YES;
				CLANG_ENABLE_OBJC_ARC = YES;
				CLANG_ENABLE_OBJC_WEAK = YES;
				CLANG_WARN_BLOCK_CAPTURE_AUTORELEASING = YES;
				CLANG_WARN_BOOL_CONVERSION = YES;
				CLANG_WARN_COMMA = YES;
				CLANG_WARN_CONSTANT_CONVERSION = YES;
				CLANG_WARN_DEPRECATED_OBJC_IMPLEMENTATIONS = YES;
				CLANG_WARN_DIRECT_OBJC_ISA_USAGE = YES_ERROR;
				CLANG_WARN_DOCUMENTATION_COMMENTS = YES;
				CLANG_WARN_EMPTY_BODY = YES;
				CLANG_WARN_ENUM_CONVERSION = YES;
				CLANG_WARN_INFINITE_RECURSION = YES;
				CLANG_WARN_INT_CONVERSION = YES;
				CLANG_WARN_NON_LITERAL_NULL_CONVERSION = YES;
				CLANG_WARN_OBJC_IMPLICIT_RETAIN_SELF = YES;
				CLANG_WARN_OBJC_LITERAL_CONVERSION = YES;
				CLANG_WARN_OBJC_ROOT_CLASS = YES_ERROR;
				CLANG_WARN_QUOTED_INCLUDE_IN_FRAMEWORK_HEADER = YES;
				CLANG_WARN_RANGE_LOOP_ANALYSIS = YES;
				CLANG_WARN_STRICT_PROTOTYPES = YES;
				CLANG_WARN_SUSPICIOUS_MOVE = YES;
				CLANG_WARN_UNGUARDED_AVAILABILITY = YES_AGGRESSIVE;
				CLANG_WARN_UNREACHABLE_CODE = YES;
				CLANG_WARN__DUPLICATE_METHOD_MATCH = YES;
				COPY_PHASE_STRIP = NO;
				DEBUG_INFORMATION_FORMAT = dwarf;
				ENABLE_STRICT_OBJC_MSGSEND = YES;
				ENABLE_TESTABILITY = YES;
				GCC_C_LANGUAGE_STANDARD = gnu11;
				GCC_DYNAMIC_NO_PIC = NO;
				GCC_NO_COMMON_BLOCKS = YES;
				GCC_OPTIMIZATION_LEVEL = 0;
				GCC_PREPROCESSOR_DEFINITIONS = (
					"DEBUG=1",
					"$(inherited)",
				);
				GCC_WARN_64_TO_32_BIT_CONVERSION = YES;
				GCC_WARN_ABOUT_RETURN_TYPE = YES_ERROR;
				GCC_WARN_UNDECLARED_SELECTOR = YES;
				GCC_WARN_UNINITIALIZED_AUTOS = YES_AGGRESSIVE;
				GCC_WARN_UNUSED_FUNCTION = YES;
				GCC_WARN_UNUSED_VARIABLE = YES;
				INFOPLIST_FILE = "/Users/jiheesmac/개발/Airbnb/Airbnb/Airbnb/Resources";
				IPHONEOS_DEPLOYMENT_TARGET = 15.5;
				MTL_ENABLE_DEBUG_INFO = INCLUDE_SOURCE;
				MTL_FAST_MATH = YES;
				ONLY_ACTIVE_ARCH = YES;
				SDKROOT = iphoneos;
				SWIFT_ACTIVE_COMPILATION_CONDITIONS = DEBUG;
				SWIFT_OPTIMIZATION_LEVEL = "-Onone";
			};
			name = Debug;
		};
		7330526E28770546009065CC /* Release */ = {
			isa = XCBuildConfiguration;
			buildSettings = {
				ALWAYS_SEARCH_USER_PATHS = NO;
				CLANG_ANALYZER_NONNULL = YES;
				CLANG_ANALYZER_NUMBER_OBJECT_CONVERSION = YES_AGGRESSIVE;
				CLANG_CXX_LANGUAGE_STANDARD = "gnu++17";
				CLANG_ENABLE_MODULES = YES;
				CLANG_ENABLE_OBJC_ARC = YES;
				CLANG_ENABLE_OBJC_WEAK = YES;
				CLANG_WARN_BLOCK_CAPTURE_AUTORELEASING = YES;
				CLANG_WARN_BOOL_CONVERSION = YES;
				CLANG_WARN_COMMA = YES;
				CLANG_WARN_CONSTANT_CONVERSION = YES;
				CLANG_WARN_DEPRECATED_OBJC_IMPLEMENTATIONS = YES;
				CLANG_WARN_DIRECT_OBJC_ISA_USAGE = YES_ERROR;
				CLANG_WARN_DOCUMENTATION_COMMENTS = YES;
				CLANG_WARN_EMPTY_BODY = YES;
				CLANG_WARN_ENUM_CONVERSION = YES;
				CLANG_WARN_INFINITE_RECURSION = YES;
				CLANG_WARN_INT_CONVERSION = YES;
				CLANG_WARN_NON_LITERAL_NULL_CONVERSION = YES;
				CLANG_WARN_OBJC_IMPLICIT_RETAIN_SELF = YES;
				CLANG_WARN_OBJC_LITERAL_CONVERSION = YES;
				CLANG_WARN_OBJC_ROOT_CLASS = YES_ERROR;
				CLANG_WARN_QUOTED_INCLUDE_IN_FRAMEWORK_HEADER = YES;
				CLANG_WARN_RANGE_LOOP_ANALYSIS = YES;
				CLANG_WARN_STRICT_PROTOTYPES = YES;
				CLANG_WARN_SUSPICIOUS_MOVE = YES;
				CLANG_WARN_UNGUARDED_AVAILABILITY = YES_AGGRESSIVE;
				CLANG_WARN_UNREACHABLE_CODE = YES;
				CLANG_WARN__DUPLICATE_METHOD_MATCH = YES;
				COPY_PHASE_STRIP = NO;
				DEBUG_INFORMATION_FORMAT = "dwarf-with-dsym";
				ENABLE_NS_ASSERTIONS = NO;
				ENABLE_STRICT_OBJC_MSGSEND = YES;
				GCC_C_LANGUAGE_STANDARD = gnu11;
				GCC_NO_COMMON_BLOCKS = YES;
				GCC_WARN_64_TO_32_BIT_CONVERSION = YES;
				GCC_WARN_ABOUT_RETURN_TYPE = YES_ERROR;
				GCC_WARN_UNDECLARED_SELECTOR = YES;
				GCC_WARN_UNINITIALIZED_AUTOS = YES_AGGRESSIVE;
				GCC_WARN_UNUSED_FUNCTION = YES;
				GCC_WARN_UNUSED_VARIABLE = YES;
				INFOPLIST_FILE = "/Users/jiheesmac/개발/Airbnb/Airbnb/Airbnb/Resources";
				IPHONEOS_DEPLOYMENT_TARGET = 15.5;
				MTL_ENABLE_DEBUG_INFO = NO;
				MTL_FAST_MATH = YES;
				SDKROOT = iphoneos;
				SWIFT_COMPILATION_MODE = wholemodule;
				SWIFT_OPTIMIZATION_LEVEL = "-O";
				VALIDATE_PRODUCT = YES;
			};
			name = Release;
		};
		7330527028770546009065CC /* Debug */ = {
			isa = XCBuildConfiguration;
			baseConfigurationReference = C562D27082F1CD79FE807630 /* Pods-Airbnb.debug.xcconfig */;
			buildSettings = {
				ASSETCATALOG_COMPILER_APPICON_NAME = AppIcon;
				ASSETCATALOG_COMPILER_GLOBAL_ACCENT_COLOR_NAME = AccentColor;
				CODE_SIGN_STYLE = Automatic;
				CURRENT_PROJECT_VERSION = 1;
				DEVELOPMENT_TEAM = 6Y9V523M6R;
				"EXCLUDED_ARCHS[sdk=iphonesimulator*]" = arm64;
				GENERATE_INFOPLIST_FILE = YES;
				INFOPLIST_FILE = Airbnb/Resources/Info.plist;
				INFOPLIST_KEY_UIApplicationSupportsIndirectInputEvents = YES;
				INFOPLIST_KEY_UILaunchStoryboardName = LaunchScreen;
				INFOPLIST_KEY_UISupportedInterfaceOrientations_iPad = "UIInterfaceOrientationPortrait UIInterfaceOrientationPortraitUpsideDown UIInterfaceOrientationLandscapeLeft UIInterfaceOrientationLandscapeRight";
				INFOPLIST_KEY_UISupportedInterfaceOrientations_iPhone = "UIInterfaceOrientationPortrait UIInterfaceOrientationLandscapeLeft UIInterfaceOrientationLandscapeRight";
				LD_RUNPATH_SEARCH_PATHS = (
					"$(inherited)",
					"@executable_path/Frameworks",
				);
				MARKETING_VERSION = 1.0;
				PRODUCT_BUNDLE_IDENTIFIER = com.jihee.jeebnb;
				PRODUCT_NAME = "$(TARGET_NAME)";
				SWIFT_EMIT_LOC_STRINGS = YES;
				SWIFT_VERSION = 5.0;
				TARGETED_DEVICE_FAMILY = "1,2";
			};
			name = Debug;
		};
		7330527128770546009065CC /* Release */ = {
			isa = XCBuildConfiguration;
			baseConfigurationReference = 5577C1EEC7788A90EF41A8EF /* Pods-Airbnb.release.xcconfig */;
			buildSettings = {
				ASSETCATALOG_COMPILER_APPICON_NAME = AppIcon;
				ASSETCATALOG_COMPILER_GLOBAL_ACCENT_COLOR_NAME = AccentColor;
				CODE_SIGN_STYLE = Automatic;
				CURRENT_PROJECT_VERSION = 1;
				DEVELOPMENT_TEAM = 6Y9V523M6R;
				GENERATE_INFOPLIST_FILE = YES;
				INFOPLIST_FILE = Airbnb/Resources/Info.plist;
				INFOPLIST_KEY_UIApplicationSupportsIndirectInputEvents = YES;
				INFOPLIST_KEY_UILaunchStoryboardName = LaunchScreen;
				INFOPLIST_KEY_UISupportedInterfaceOrientations_iPad = "UIInterfaceOrientationPortrait UIInterfaceOrientationPortraitUpsideDown UIInterfaceOrientationLandscapeLeft UIInterfaceOrientationLandscapeRight";
				INFOPLIST_KEY_UISupportedInterfaceOrientations_iPhone = "UIInterfaceOrientationPortrait UIInterfaceOrientationLandscapeLeft UIInterfaceOrientationLandscapeRight";
				LD_RUNPATH_SEARCH_PATHS = (
					"$(inherited)",
					"@executable_path/Frameworks",
				);
				MARKETING_VERSION = 1.0;
				PRODUCT_BUNDLE_IDENTIFIER = com.jihee.jeebnb;
				PRODUCT_NAME = "$(TARGET_NAME)";
				SWIFT_EMIT_LOC_STRINGS = YES;
				SWIFT_VERSION = 5.0;
				TARGETED_DEVICE_FAMILY = "1,2";
			};
			name = Release;
		};
/* End XCBuildConfiguration section */

/* Begin XCConfigurationList section */
		7330525628770543009065CC /* Build configuration list for PBXProject "Airbnb" */ = {
			isa = XCConfigurationList;
			buildConfigurations = (
				7330526D28770546009065CC /* Debug */,
				7330526E28770546009065CC /* Release */,
			);
			defaultConfigurationIsVisible = 0;
			defaultConfigurationName = Release;
		};
		7330526F28770546009065CC /* Build configuration list for PBXNativeTarget "Airbnb" */ = {
			isa = XCConfigurationList;
			buildConfigurations = (
				7330527028770546009065CC /* Debug */,
				7330527128770546009065CC /* Release */,
			);
			defaultConfigurationIsVisible = 0;
			defaultConfigurationName = Release;
		};
/* End XCConfigurationList section */
	};
	rootObject = 7330525328770543009065CC /* Project object */;
}
