// !$*UTF8*$!
{
	archiveVersion = 1;
	classes = {
	};
	objectVersion = 55;
	objects = {

/* Begin PBXBuildFile section */
		7330525F28770544009065CC /* AppDelegate.swift in Sources */ = {isa = PBXBuildFile; fileRef = 7330525E28770544009065CC /* AppDelegate.swift */; };
		7330526128770544009065CC /* SceneDelegate.swift in Sources */ = {isa = PBXBuildFile; fileRef = 7330526028770544009065CC /* SceneDelegate.swift */; };
		7330526328770544009065CC /* HomeViewController.swift in Sources */ = {isa = PBXBuildFile; fileRef = 7330526228770544009065CC /* HomeViewController.swift */; };
		7330526828770546009065CC /* Assets.xcassets in Resources */ = {isa = PBXBuildFile; fileRef = 7330526728770546009065CC /* Assets.xcassets */; };
		73399DFC289B705500201328 /* HomeDIContainer.swift in Sources */ = {isa = PBXBuildFile; fileRef = 73399DFB289B705500201328 /* HomeDIContainer.swift */; };
		7345F63C2897A5D00000E53F /* Observable.swift in Sources */ = {isa = PBXBuildFile; fileRef = 7345F63B2897A5D00000E53F /* Observable.swift */; };
		7345F63E2897B3170000E53F /* ViewModel.swift in Sources */ = {isa = PBXBuildFile; fileRef = 7345F63D2897B3170000E53F /* ViewModel.swift */; };
		734A408C2878417400BB2831 /* .swiftlint.yml in Resources */ = {isa = PBXBuildFile; fileRef = 734A408B2878417400BB2831 /* .swiftlint.yml */; };
		7389D06628A4D28500BC58A4 /* SuggestCell.swift in Sources */ = {isa = PBXBuildFile; fileRef = 7389D06528A4D28500BC58A4 /* SuggestCell.swift */; };
		7389D06C28A4D6C600BC58A4 /* Font.swift in Sources */ = {isa = PBXBuildFile; fileRef = 7389D06B28A4D6C600BC58A4 /* Font.swift */; };
		7389D06E28A4D9A800BC58A4 /* Suggest.swift in Sources */ = {isa = PBXBuildFile; fileRef = 7389D06D28A4D9A800BC58A4 /* Suggest.swift */; };
		7389D07228A4DACD00BC58A4 /* CityCell.swift in Sources */ = {isa = PBXBuildFile; fileRef = 7389D07128A4DACD00BC58A4 /* CityCell.swift */; };
		7389D07428A4DAE500BC58A4 /* City.swift in Sources */ = {isa = PBXBuildFile; fileRef = 7389D07328A4DAE500BC58A4 /* City.swift */; };
		7389D07728A4DCB400BC58A4 /* Extension+UIColor.swift in Sources */ = {isa = PBXBuildFile; fileRef = 7389D07628A4DCB400BC58A4 /* Extension+UIColor.swift */; };
		7389D07928A4E37E00BC58A4 /* LayoutFactory.swift in Sources */ = {isa = PBXBuildFile; fileRef = 7389D07828A4E37E00BC58A4 /* LayoutFactory.swift */; };
		7389D07B28A4EE8800BC58A4 /* HeaderView.swift in Sources */ = {isa = PBXBuildFile; fileRef = 7389D07A28A4EE8800BC58A4 /* HeaderView.swift */; };
		7389D07D28A4F2ED00BC58A4 /* Text.swift in Sources */ = {isa = PBXBuildFile; fileRef = 7389D07C28A4F2ED00BC58A4 /* Text.swift */; };
		7389D08228A4F5D800BC58A4 /* ButtonWithImageAndTitle.swift in Sources */ = {isa = PBXBuildFile; fileRef = 7389D08128A4F5D800BC58A4 /* ButtonWithImageAndTitle.swift */; };
		7397399828A6184800213606 /* NotoSansKR-Bold.otf in Resources */ = {isa = PBXBuildFile; fileRef = 7397399528A6184300213606 /* NotoSansKR-Bold.otf */; };
		7397399928A6184800213606 /* NotoSansKR-Medium.otf in Resources */ = {isa = PBXBuildFile; fileRef = 7397399628A6184300213606 /* NotoSansKR-Medium.otf */; };
		7397399A28A6184800213606 /* NotoSansKR-Regular.otf in Resources */ = {isa = PBXBuildFile; fileRef = 7397399728A6184300213606 /* NotoSansKR-Regular.otf */; };
		7397399B28A6184800213606 /* NotoSansKR-Black.otf in Resources */ = {isa = PBXBuildFile; fileRef = 7397399428A6184300213606 /* NotoSansKR-Black.otf */; };
		7397399C28A6184800213606 /* NotoSansKR-Thin.otf in Resources */ = {isa = PBXBuildFile; fileRef = 7397399328A6184300213606 /* NotoSansKR-Thin.otf */; };
		739739A328A6187D00213606 /* Roboto-Black.ttf in Resources */ = {isa = PBXBuildFile; fileRef = 739739A128A6187600213606 /* Roboto-Black.ttf */; };
		739739A428A6187D00213606 /* Roboto-Light.ttf in Resources */ = {isa = PBXBuildFile; fileRef = 7397399F28A6187600213606 /* Roboto-Light.ttf */; };
		739739A528A6187D00213606 /* Roboto-Bold.ttf in Resources */ = {isa = PBXBuildFile; fileRef = 739739A228A6187600213606 /* Roboto-Bold.ttf */; };
		739739A628A6187D00213606 /* Roboto-Regular.ttf in Resources */ = {isa = PBXBuildFile; fileRef = 739739A028A6187600213606 /* Roboto-Regular.ttf */; };
		739739A728A6187D00213606 /* Roboto-Thin.ttf in Resources */ = {isa = PBXBuildFile; fileRef = 7397399D28A6187600213606 /* Roboto-Thin.ttf */; };
		739739A828A6187D00213606 /* Roboto-Medium.ttf in Resources */ = {isa = PBXBuildFile; fileRef = 7397399E28A6187600213606 /* Roboto-Medium.ttf */; };
		739739AC28A61E0C00213606 /* LoginViewController.swift in Sources */ = {isa = PBXBuildFile; fileRef = 739739AB28A61E0C00213606 /* LoginViewController.swift */; };
		739739AF28A61E3E00213606 /* WishListViewController.swift in Sources */ = {isa = PBXBuildFile; fileRef = 739739AE28A61E3E00213606 /* WishListViewController.swift */; };
		739739B128A623E400213606 /* AppDIContainer.swift in Sources */ = {isa = PBXBuildFile; fileRef = 739739B028A623E400213606 /* AppDIContainer.swift */; };
		73DCFCDA28990F3900544915 /* Log.swift in Sources */ = {isa = PBXBuildFile; fileRef = 73DCFCD928990F3900544915 /* Log.swift */; };
		73DCFCDD2899121A00544915 /* ViewModelProtocol.swift in Sources */ = {isa = PBXBuildFile; fileRef = 73DCFCDC2899121A00544915 /* ViewModelProtocol.swift */; };
		ADF45ADBCFB990B95A2E810D /* Pods_Airbnb.framework in Frameworks */ = {isa = PBXBuildFile; fileRef = 46C951C3BB4642BF7E35379E /* Pods_Airbnb.framework */; };
/* End PBXBuildFile section */

/* Begin PBXFileReference section */
		2239697FCC590997A7663121 /* Pods-Airbnb.debug.xcconfig */ = {isa = PBXFileReference; includeInIndex = 1; lastKnownFileType = text.xcconfig; name = "Pods-Airbnb.debug.xcconfig"; path = "Target Support Files/Pods-Airbnb/Pods-Airbnb.debug.xcconfig"; sourceTree = "<group>"; };
		46C951C3BB4642BF7E35379E /* Pods_Airbnb.framework */ = {isa = PBXFileReference; explicitFileType = wrapper.framework; includeInIndex = 0; path = Pods_Airbnb.framework; sourceTree = BUILT_PRODUCTS_DIR; };
		4FB252D9B70782520BD4F91C /* Pods-Airbnb.release.xcconfig */ = {isa = PBXFileReference; includeInIndex = 1; lastKnownFileType = text.xcconfig; name = "Pods-Airbnb.release.xcconfig"; path = "Target Support Files/Pods-Airbnb/Pods-Airbnb.release.xcconfig"; sourceTree = "<group>"; };
		7330525B28770544009065CC /* Airbnb.app */ = {isa = PBXFileReference; explicitFileType = wrapper.application; includeInIndex = 0; path = Airbnb.app; sourceTree = BUILT_PRODUCTS_DIR; };
		7330525E28770544009065CC /* AppDelegate.swift */ = {isa = PBXFileReference; lastKnownFileType = sourcecode.swift; path = AppDelegate.swift; sourceTree = "<group>"; };
		7330526028770544009065CC /* SceneDelegate.swift */ = {isa = PBXFileReference; lastKnownFileType = sourcecode.swift; path = SceneDelegate.swift; sourceTree = "<group>"; };
		7330526228770544009065CC /* HomeViewController.swift */ = {isa = PBXFileReference; lastKnownFileType = sourcecode.swift; path = HomeViewController.swift; sourceTree = "<group>"; };
		7330526728770546009065CC /* Assets.xcassets */ = {isa = PBXFileReference; lastKnownFileType = folder.assetcatalog; path = Assets.xcassets; sourceTree = "<group>"; };
		73399DFB289B705500201328 /* HomeDIContainer.swift */ = {isa = PBXFileReference; lastKnownFileType = sourcecode.swift; path = HomeDIContainer.swift; sourceTree = "<group>"; };
		7345F63B2897A5D00000E53F /* Observable.swift */ = {isa = PBXFileReference; lastKnownFileType = sourcecode.swift; path = Observable.swift; sourceTree = "<group>"; };
		7345F63D2897B3170000E53F /* ViewModel.swift */ = {isa = PBXFileReference; lastKnownFileType = sourcecode.swift; path = ViewModel.swift; sourceTree = "<group>"; };
		734A408B2878417400BB2831 /* .swiftlint.yml */ = {isa = PBXFileReference; lastKnownFileType = text.yaml; path = .swiftlint.yml; sourceTree = "<group>"; };
		7389D06528A4D28500BC58A4 /* SuggestCell.swift */ = {isa = PBXFileReference; lastKnownFileType = sourcecode.swift; path = SuggestCell.swift; sourceTree = "<group>"; };
		7389D06B28A4D6C600BC58A4 /* Font.swift */ = {isa = PBXFileReference; lastKnownFileType = sourcecode.swift; path = Font.swift; sourceTree = "<group>"; };
		7389D06D28A4D9A800BC58A4 /* Suggest.swift */ = {isa = PBXFileReference; lastKnownFileType = sourcecode.swift; path = Suggest.swift; sourceTree = "<group>"; };
		7389D07128A4DACD00BC58A4 /* CityCell.swift */ = {isa = PBXFileReference; lastKnownFileType = sourcecode.swift; path = CityCell.swift; sourceTree = "<group>"; };
		7389D07328A4DAE500BC58A4 /* City.swift */ = {isa = PBXFileReference; lastKnownFileType = sourcecode.swift; path = City.swift; sourceTree = "<group>"; };
		7389D07628A4DCB400BC58A4 /* Extension+UIColor.swift */ = {isa = PBXFileReference; lastKnownFileType = sourcecode.swift; path = "Extension+UIColor.swift"; sourceTree = "<group>"; };
		7389D07828A4E37E00BC58A4 /* LayoutFactory.swift */ = {isa = PBXFileReference; lastKnownFileType = sourcecode.swift; path = LayoutFactory.swift; sourceTree = "<group>"; };
		7389D07A28A4EE8800BC58A4 /* HeaderView.swift */ = {isa = PBXFileReference; lastKnownFileType = sourcecode.swift; path = HeaderView.swift; sourceTree = "<group>"; };
		7389D07C28A4F2ED00BC58A4 /* Text.swift */ = {isa = PBXFileReference; lastKnownFileType = sourcecode.swift; path = Text.swift; sourceTree = "<group>"; };
		7389D08128A4F5D800BC58A4 /* ButtonWithImageAndTitle.swift */ = {isa = PBXFileReference; lastKnownFileType = sourcecode.swift; path = ButtonWithImageAndTitle.swift; sourceTree = "<group>"; };
		7397398828A6169C00213606 /* Info.plist */ = {isa = PBXFileReference; fileEncoding = 4; lastKnownFileType = text.plist.xml; path = Info.plist; sourceTree = "<group>"; };
		7397399328A6184300213606 /* NotoSansKR-Thin.otf */ = {isa = PBXFileReference; lastKnownFileType = file; path = "NotoSansKR-Thin.otf"; sourceTree = "<group>"; };
		7397399428A6184300213606 /* NotoSansKR-Black.otf */ = {isa = PBXFileReference; lastKnownFileType = file; path = "NotoSansKR-Black.otf"; sourceTree = "<group>"; };
		7397399528A6184300213606 /* NotoSansKR-Bold.otf */ = {isa = PBXFileReference; lastKnownFileType = file; path = "NotoSansKR-Bold.otf"; sourceTree = "<group>"; };
		7397399628A6184300213606 /* NotoSansKR-Medium.otf */ = {isa = PBXFileReference; lastKnownFileType = file; path = "NotoSansKR-Medium.otf"; sourceTree = "<group>"; };
		7397399728A6184300213606 /* NotoSansKR-Regular.otf */ = {isa = PBXFileReference; lastKnownFileType = file; path = "NotoSansKR-Regular.otf"; sourceTree = "<group>"; };
		7397399D28A6187600213606 /* Roboto-Thin.ttf */ = {isa = PBXFileReference; lastKnownFileType = file; path = "Roboto-Thin.ttf"; sourceTree = "<group>"; };
		7397399E28A6187600213606 /* Roboto-Medium.ttf */ = {isa = PBXFileReference; lastKnownFileType = file; path = "Roboto-Medium.ttf"; sourceTree = "<group>"; };
		7397399F28A6187600213606 /* Roboto-Light.ttf */ = {isa = PBXFileReference; lastKnownFileType = file; path = "Roboto-Light.ttf"; sourceTree = "<group>"; };
		739739A028A6187600213606 /* Roboto-Regular.ttf */ = {isa = PBXFileReference; lastKnownFileType = file; path = "Roboto-Regular.ttf"; sourceTree = "<group>"; };
		739739A128A6187600213606 /* Roboto-Black.ttf */ = {isa = PBXFileReference; lastKnownFileType = file; path = "Roboto-Black.ttf"; sourceTree = "<group>"; };
		739739A228A6187600213606 /* Roboto-Bold.ttf */ = {isa = PBXFileReference; lastKnownFileType = file; path = "Roboto-Bold.ttf"; sourceTree = "<group>"; };
		739739AB28A61E0C00213606 /* LoginViewController.swift */ = {isa = PBXFileReference; lastKnownFileType = sourcecode.swift; path = LoginViewController.swift; sourceTree = "<group>"; };
		739739AE28A61E3E00213606 /* WishListViewController.swift */ = {isa = PBXFileReference; lastKnownFileType = sourcecode.swift; path = WishListViewController.swift; sourceTree = "<group>"; };
		739739B028A623E400213606 /* AppDIContainer.swift */ = {isa = PBXFileReference; lastKnownFileType = sourcecode.swift; path = AppDIContainer.swift; sourceTree = "<group>"; };
		73DCFCD928990F3900544915 /* Log.swift */ = {isa = PBXFileReference; lastKnownFileType = sourcecode.swift; path = Log.swift; sourceTree = "<group>"; };
		73DCFCDC2899121A00544915 /* ViewModelProtocol.swift */ = {isa = PBXFileReference; lastKnownFileType = sourcecode.swift; path = ViewModelProtocol.swift; sourceTree = "<group>"; };
/* End PBXFileReference section */

/* Begin PBXFrameworksBuildPhase section */
		7330525828770543009065CC /* Frameworks */ = {
			isa = PBXFrameworksBuildPhase;
			buildActionMask = 2147483647;
			files = (
				ADF45ADBCFB990B95A2E810D /* Pods_Airbnb.framework in Frameworks */,
			);
			runOnlyForDeploymentPostprocessing = 0;
		};
/* End PBXFrameworksBuildPhase section */

/* Begin PBXGroup section */
		259A744CE83A1EDE980D26B5 /* Frameworks */ = {
			isa = PBXGroup;
			children = (
				46C951C3BB4642BF7E35379E /* Pods_Airbnb.framework */,
			);
			name = Frameworks;
			sourceTree = "<group>";
		};
		7330525228770543009065CC = {
			isa = PBXGroup;
			children = (
				734A408B2878417400BB2831 /* .swiftlint.yml */,
				7330525D28770544009065CC /* Airbnb */,
				7330525C28770544009065CC /* Products */,
				E8D4B2812318D2DE2C5B9E8F /* Pods */,
				259A744CE83A1EDE980D26B5 /* Frameworks */,
			);
			sourceTree = "<group>";
		};
		7330525C28770544009065CC /* Products */ = {
			isa = PBXGroup;
			children = (
				7330525B28770544009065CC /* Airbnb.app */,
			);
			name = Products;
			sourceTree = "<group>";
		};
		7330525D28770544009065CC /* Airbnb */ = {
			isa = PBXGroup;
			children = (
				734A4088287840F600BB2831 /* Application */,
				7389D06F28A4D9E800BC58A4 /* Domain */,
				73DCFCD728990F0A00544915 /* Presentation */,
				734A40892878410800BB2831 /* Resources */,
			);
			path = Airbnb;
			sourceTree = "<group>";
		};
		73399DFA289B695B00201328 /* DIContainer */ = {
			isa = PBXGroup;
			children = (
				73399DFB289B705500201328 /* HomeDIContainer.swift */,
				739739B028A623E400213606 /* AppDIContainer.swift */,
			);
			path = DIContainer;
			sourceTree = "<group>";
		};
		734A4088287840F600BB2831 /* Application */ = {
			isa = PBXGroup;
			children = (
				73399DFA289B695B00201328 /* DIContainer */,
				7330525E28770544009065CC /* AppDelegate.swift */,
				7330526028770544009065CC /* SceneDelegate.swift */,
			);
			path = Application;
			sourceTree = "<group>";
		};
		734A40892878410800BB2831 /* Resources */ = {
			isa = PBXGroup;
			children = (
				7397398828A6169C00213606 /* Info.plist */,
				7330526728770546009065CC /* Assets.xcassets */,
				7397399428A6184300213606 /* NotoSansKR-Black.otf */,
				739739A928A61AEA00213606 /* font */,
			);
			path = Resources;
			sourceTree = "<group>";
		};
		734A408D2878418500BB2831 /* Home */ = {
			isa = PBXGroup;
			children = (
				73DCFCDB2899120700544915 /* ViewModel */,
				734A408E2878418B00BB2831 /* View */,
			);
			path = Home;
			sourceTree = "<group>";
		};
		734A408E2878418B00BB2831 /* View */ = {
			isa = PBXGroup;
			children = (
				7330526228770544009065CC /* HomeViewController.swift */,
				7389D06528A4D28500BC58A4 /* SuggestCell.swift */,
				7389D07128A4DACD00BC58A4 /* CityCell.swift */,
				7389D07A28A4EE8800BC58A4 /* HeaderView.swift */,
			);
			path = View;
			sourceTree = "<group>";
		};
		7389D06F28A4D9E800BC58A4 /* Domain */ = {
			isa = PBXGroup;
			children = (
				7389D07028A4D9F400BC58A4 /* Entity */,
			);
			path = Domain;
			sourceTree = "<group>";
		};
		7389D07028A4D9F400BC58A4 /* Entity */ = {
			isa = PBXGroup;
			children = (
				7389D06D28A4D9A800BC58A4 /* Suggest.swift */,
				7389D07328A4DAE500BC58A4 /* City.swift */,
			);
			path = Entity;
			sourceTree = "<group>";
		};
		7389D07528A4DC9900BC58A4 /* Extension */ = {
			isa = PBXGroup;
			children = (
				7389D07628A4DCB400BC58A4 /* Extension+UIColor.swift */,
			);
			path = Extension;
			sourceTree = "<group>";
		};
		7389D08028A4F5BA00BC58A4 /* Common */ = {
			isa = PBXGroup;
			children = (
				7389D07C28A4F2ED00BC58A4 /* Text.swift */,
				7389D06B28A4D6C600BC58A4 /* Font.swift */,
				7389D08128A4F5D800BC58A4 /* ButtonWithImageAndTitle.swift */,
			);
			path = Common;
			sourceTree = "<group>";
		};
		739739A928A61AEA00213606 /* font */ = {
			isa = PBXGroup;
			children = (
				7397399528A6184300213606 /* NotoSansKR-Bold.otf */,
				7397399628A6184300213606 /* NotoSansKR-Medium.otf */,
				7397399728A6184300213606 /* NotoSansKR-Regular.otf */,
				7397399328A6184300213606 /* NotoSansKR-Thin.otf */,
				739739A128A6187600213606 /* Roboto-Black.ttf */,
				739739A228A6187600213606 /* Roboto-Bold.ttf */,
				7397399F28A6187600213606 /* Roboto-Light.ttf */,
				7397399E28A6187600213606 /* Roboto-Medium.ttf */,
				739739A028A6187600213606 /* Roboto-Regular.ttf */,
				7397399D28A6187600213606 /* Roboto-Thin.ttf */,
			);
			path = font;
			sourceTree = "<group>";
		};
		739739AA28A61DDE00213606 /* Login */ = {
			isa = PBXGroup;
			children = (
				739739AB28A61E0C00213606 /* LoginViewController.swift */,
			);
			path = Login;
			sourceTree = "<group>";
		};
		739739AD28A61E2500213606 /* WishList */ = {
			isa = PBXGroup;
			children = (
				739739AE28A61E3E00213606 /* WishListViewController.swift */,
			);
			path = WishList;
			sourceTree = "<group>";
		};
		73DCFCD728990F0A00544915 /* Presentation */ = {
			isa = PBXGroup;
			children = (
				7389D07528A4DC9900BC58A4 /* Extension */,
				7389D08028A4F5BA00BC58A4 /* Common */,
				73DCFCD828990F2800544915 /* Util */,
				734A408D2878418500BB2831 /* Home */,
				739739AD28A61E2500213606 /* WishList */,
				739739AA28A61DDE00213606 /* Login */,
			);
			path = Presentation;
			sourceTree = "<group>";
		};
		73DCFCD828990F2800544915 /* Util */ = {
			isa = PBXGroup;
			children = (
				7345F63B2897A5D00000E53F /* Observable.swift */,
				73DCFCD928990F3900544915 /* Log.swift */,
				7389D07828A4E37E00BC58A4 /* LayoutFactory.swift */,
			);
			path = Util;
			sourceTree = "<group>";
		};
		73DCFCDB2899120700544915 /* ViewModel */ = {
			isa = PBXGroup;
			children = (
				7345F63D2897B3170000E53F /* ViewModel.swift */,
				73DCFCDC2899121A00544915 /* ViewModelProtocol.swift */,
			);
			path = ViewModel;
			sourceTree = "<group>";
		};
		E8D4B2812318D2DE2C5B9E8F /* Pods */ = {
			isa = PBXGroup;
			children = (
				2239697FCC590997A7663121 /* Pods-Airbnb.debug.xcconfig */,
				4FB252D9B70782520BD4F91C /* Pods-Airbnb.release.xcconfig */,
			);
			path = Pods;
			sourceTree = "<group>";
		};
/* End PBXGroup section */

/* Begin PBXNativeTarget section */
		7330525A28770543009065CC /* Airbnb */ = {
			isa = PBXNativeTarget;
			buildConfigurationList = 7330526F28770546009065CC /* Build configuration list for PBXNativeTarget "Airbnb" */;
			buildPhases = (
				40C97A1A3A2E2616992ADC61 /* [CP] Check Pods Manifest.lock */,
				734A408F2878420800BB2831 /* Swift Lint Script */,
				7330525728770543009065CC /* Sources */,
				7330525828770543009065CC /* Frameworks */,
				7330525928770543009065CC /* Resources */,
				3292F4A970F25733DFE8B6DF /* [CP] Embed Pods Frameworks */,
			);
			buildRules = (
			);
			dependencies = (
			);
			name = Airbnb;
			productName = Airbnb;
			productReference = 7330525B28770544009065CC /* Airbnb.app */;
			productType = "com.apple.product-type.application";
		};
/* End PBXNativeTarget section */

/* Begin PBXProject section */
		7330525328770543009065CC /* Project object */ = {
			isa = PBXProject;
			attributes = {
				BuildIndependentTargetsInParallel = 1;
				LastSwiftUpdateCheck = 1340;
				LastUpgradeCheck = 1340;
				TargetAttributes = {
					7330525A28770543009065CC = {
						CreatedOnToolsVersion = 13.4.1;
					};
				};
			};
			buildConfigurationList = 7330525628770543009065CC /* Build configuration list for PBXProject "Airbnb" */;
			compatibilityVersion = "Xcode 13.0";
			developmentRegion = en;
			hasScannedForEncodings = 0;
			knownRegions = (
				en,
				Base,
			);
			mainGroup = 7330525228770543009065CC;
			productRefGroup = 7330525C28770544009065CC /* Products */;
			projectDirPath = "";
			projectRoot = "";
			targets = (
				7330525A28770543009065CC /* Airbnb */,
			);
		};
/* End PBXProject section */

/* Begin PBXResourcesBuildPhase section */
		7330525928770543009065CC /* Resources */ = {
			isa = PBXResourcesBuildPhase;
			buildActionMask = 2147483647;
			files = (
				739739A828A6187D00213606 /* Roboto-Medium.ttf in Resources */,
				7397399C28A6184800213606 /* NotoSansKR-Thin.otf in Resources */,
				739739A628A6187D00213606 /* Roboto-Regular.ttf in Resources */,
				7397399928A6184800213606 /* NotoSansKR-Medium.otf in Resources */,
				739739A528A6187D00213606 /* Roboto-Bold.ttf in Resources */,
				734A408C2878417400BB2831 /* .swiftlint.yml in Resources */,
				739739A328A6187D00213606 /* Roboto-Black.ttf in Resources */,
				7330526828770546009065CC /* Assets.xcassets in Resources */,
				7397399828A6184800213606 /* NotoSansKR-Bold.otf in Resources */,
				739739A728A6187D00213606 /* Roboto-Thin.ttf in Resources */,
				7397399A28A6184800213606 /* NotoSansKR-Regular.otf in Resources */,
				7397399B28A6184800213606 /* NotoSansKR-Black.otf in Resources */,
				739739A428A6187D00213606 /* Roboto-Light.ttf in Resources */,
			);
			runOnlyForDeploymentPostprocessing = 0;
		};
/* End PBXResourcesBuildPhase section */

/* Begin PBXShellScriptBuildPhase section */
		3292F4A970F25733DFE8B6DF /* [CP] Embed Pods Frameworks */ = {
			isa = PBXShellScriptBuildPhase;
			buildActionMask = 2147483647;
			files = (
			);
			inputFileListPaths = (
				"${PODS_ROOT}/Target Support Files/Pods-Airbnb/Pods-Airbnb-frameworks-${CONFIGURATION}-input-files.xcfilelist",
			);
			name = "[CP] Embed Pods Frameworks";
			outputFileListPaths = (
				"${PODS_ROOT}/Target Support Files/Pods-Airbnb/Pods-Airbnb-frameworks-${CONFIGURATION}-output-files.xcfilelist",
			);
			runOnlyForDeploymentPostprocessing = 0;
			shellPath = /bin/sh;
			shellScript = "\"${PODS_ROOT}/Target Support Files/Pods-Airbnb/Pods-Airbnb-frameworks.sh\"\n";
			showEnvVarsInLog = 0;
		};
		40C97A1A3A2E2616992ADC61 /* [CP] Check Pods Manifest.lock */ = {
			isa = PBXShellScriptBuildPhase;
			buildActionMask = 2147483647;
			files = (
			);
			inputFileListPaths = (
			);
			inputPaths = (
				"${PODS_PODFILE_DIR_PATH}/Podfile.lock",
				"${PODS_ROOT}/Manifest.lock",
			);
			name = "[CP] Check Pods Manifest.lock";
			outputFileListPaths = (
			);
			outputPaths = (
				"$(DERIVED_FILE_DIR)/Pods-Airbnb-checkManifestLockResult.txt",
			);
			runOnlyForDeploymentPostprocessing = 0;
			shellPath = /bin/sh;
			shellScript = "diff \"${PODS_PODFILE_DIR_PATH}/Podfile.lock\" \"${PODS_ROOT}/Manifest.lock\" > /dev/null\nif [ $? != 0 ] ; then\n    # print error to STDERR\n    echo \"error: The sandbox is not in sync with the Podfile.lock. Run 'pod install' or update your CocoaPods installation.\" >&2\n    exit 1\nfi\n# This output is used by Xcode 'outputs' to avoid re-running this script phase.\necho \"SUCCESS\" > \"${SCRIPT_OUTPUT_FILE_0}\"\n";
			showEnvVarsInLog = 0;
		};
		734A408F2878420800BB2831 /* Swift Lint Script */ = {
			isa = PBXShellScriptBuildPhase;
			buildActionMask = 2147483647;
			files = (
			);
			inputFileListPaths = (
			);
			inputPaths = (
			);
			name = "Swift Lint Script";
			outputFileListPaths = (
			);
			outputPaths = (
			);
			runOnlyForDeploymentPostprocessing = 0;
			shellPath = /bin/sh;
			shellScript = "\"${PODS_ROOT}/SwiftLint/swiftlint\"\n";
		};
/* End PBXShellScriptBuildPhase section */

/* Begin PBXSourcesBuildPhase section */
		7330525728770543009065CC /* Sources */ = {
			isa = PBXSourcesBuildPhase;
			buildActionMask = 2147483647;
			files = (
				7345F63E2897B3170000E53F /* ViewModel.swift in Sources */,
				739739AF28A61E3E00213606 /* WishListViewController.swift in Sources */,
				73399DFC289B705500201328 /* HomeDIContainer.swift in Sources */,
				7389D07228A4DACD00BC58A4 /* CityCell.swift in Sources */,
				7389D06C28A4D6C600BC58A4 /* Font.swift in Sources */,
				739739AC28A61E0C00213606 /* LoginViewController.swift in Sources */,
				7345F63C2897A5D00000E53F /* Observable.swift in Sources */,
				73DCFCDA28990F3900544915 /* Log.swift in Sources */,
				7330526328770544009065CC /* HomeViewController.swift in Sources */,
				7389D08228A4F5D800BC58A4 /* ButtonWithImageAndTitle.swift in Sources */,
				73DCFCDD2899121A00544915 /* ViewModelProtocol.swift in Sources */,
				7389D06E28A4D9A800BC58A4 /* Suggest.swift in Sources */,
				7389D07728A4DCB400BC58A4 /* Extension+UIColor.swift in Sources */,
				7330525F28770544009065CC /* AppDelegate.swift in Sources */,
				739739B128A623E400213606 /* AppDIContainer.swift in Sources */,
				7389D07D28A4F2ED00BC58A4 /* Text.swift in Sources */,
				7330526128770544009065CC /* SceneDelegate.swift in Sources */,
				7389D07428A4DAE500BC58A4 /* City.swift in Sources */,
				7389D06628A4D28500BC58A4 /* SuggestCell.swift in Sources */,
				7389D07928A4E37E00BC58A4 /* LayoutFactory.swift in Sources */,
				7389D07B28A4EE8800BC58A4 /* HeaderView.swift in Sources */,
			);
			runOnlyForDeploymentPostprocessing = 0;
		};
/* End PBXSourcesBuildPhase section */

/* Begin XCBuildConfiguration section */
		7330526D28770546009065CC /* Debug */ = {
			isa = XCBuildConfiguration;
			buildSettings = {
				ALWAYS_SEARCH_USER_PATHS = NO;
				CLANG_ANALYZER_NONNULL = YES;
				CLANG_ANALYZER_NUMBER_OBJECT_CONVERSION = YES_AGGRESSIVE;
				CLANG_CXX_LANGUAGE_STANDARD = "gnu++17";
				CLANG_ENABLE_MODULES = YES;
				CLANG_ENABLE_OBJC_ARC = YES;
				CLANG_ENABLE_OBJC_WEAK = YES;
				CLANG_WARN_BLOCK_CAPTURE_AUTORELEASING = YES;
				CLANG_WARN_BOOL_CONVERSION = YES;
				CLANG_WARN_COMMA = YES;
				CLANG_WARN_CONSTANT_CONVERSION = YES;
				CLANG_WARN_DEPRECATED_OBJC_IMPLEMENTATIONS = YES;
				CLANG_WARN_DIRECT_OBJC_ISA_USAGE = YES_ERROR;
				CLANG_WARN_DOCUMENTATION_COMMENTS = YES;
				CLANG_WARN_EMPTY_BODY = YES;
				CLANG_WARN_ENUM_CONVERSION = YES;
				CLANG_WARN_INFINITE_RECURSION = YES;
				CLANG_WARN_INT_CONVERSION = YES;
				CLANG_WARN_NON_LITERAL_NULL_CONVERSION = YES;
				CLANG_WARN_OBJC_IMPLICIT_RETAIN_SELF = YES;
				CLANG_WARN_OBJC_LITERAL_CONVERSION = YES;
				CLANG_WARN_OBJC_ROOT_CLASS = YES_ERROR;
				CLANG_WARN_QUOTED_INCLUDE_IN_FRAMEWORK_HEADER = YES;
				CLANG_WARN_RANGE_LOOP_ANALYSIS = YES;
				CLANG_WARN_STRICT_PROTOTYPES = YES;
				CLANG_WARN_SUSPICIOUS_MOVE = YES;
				CLANG_WARN_UNGUARDED_AVAILABILITY = YES_AGGRESSIVE;
				CLANG_WARN_UNREACHABLE_CODE = YES;
				CLANG_WARN__DUPLICATE_METHOD_MATCH = YES;
				COPY_PHASE_STRIP = NO;
				DEBUG_INFORMATION_FORMAT = dwarf;
				ENABLE_STRICT_OBJC_MSGSEND = YES;
				ENABLE_TESTABILITY = YES;
				GCC_C_LANGUAGE_STANDARD = gnu11;
				GCC_DYNAMIC_NO_PIC = NO;
				GCC_NO_COMMON_BLOCKS = YES;
				GCC_OPTIMIZATION_LEVEL = 0;
				GCC_PREPROCESSOR_DEFINITIONS = (
					"DEBUG=1",
					"$(inherited)",
				);
				GCC_WARN_64_TO_32_BIT_CONVERSION = YES;
				GCC_WARN_ABOUT_RETURN_TYPE = YES_ERROR;
				GCC_WARN_UNDECLARED_SELECTOR = YES;
				GCC_WARN_UNINITIALIZED_AUTOS = YES_AGGRESSIVE;
				GCC_WARN_UNUSED_FUNCTION = YES;
				GCC_WARN_UNUSED_VARIABLE = YES;
				INFOPLIST_FILE = "/Users/jiheesmac/개발/Airbnb/Airbnb/Airbnb/Resources";
				IPHONEOS_DEPLOYMENT_TARGET = 15.5;
				MTL_ENABLE_DEBUG_INFO = INCLUDE_SOURCE;
				MTL_FAST_MATH = YES;
				ONLY_ACTIVE_ARCH = YES;
				SDKROOT = iphoneos;
				SWIFT_ACTIVE_COMPILATION_CONDITIONS = DEBUG;
				SWIFT_OPTIMIZATION_LEVEL = "-Onone";
			};
			name = Debug;
		};
		7330526E28770546009065CC /* Release */ = {
			isa = XCBuildConfiguration;
			buildSettings = {
				ALWAYS_SEARCH_USER_PATHS = NO;
				CLANG_ANALYZER_NONNULL = YES;
				CLANG_ANALYZER_NUMBER_OBJECT_CONVERSION = YES_AGGRESSIVE;
				CLANG_CXX_LANGUAGE_STANDARD = "gnu++17";
				CLANG_ENABLE_MODULES = YES;
				CLANG_ENABLE_OBJC_ARC = YES;
				CLANG_ENABLE_OBJC_WEAK = YES;
				CLANG_WARN_BLOCK_CAPTURE_AUTORELEASING = YES;
				CLANG_WARN_BOOL_CONVERSION = YES;
				CLANG_WARN_COMMA = YES;
				CLANG_WARN_CONSTANT_CONVERSION = YES;
				CLANG_WARN_DEPRECATED_OBJC_IMPLEMENTATIONS = YES;
				CLANG_WARN_DIRECT_OBJC_ISA_USAGE = YES_ERROR;
				CLANG_WARN_DOCUMENTATION_COMMENTS = YES;
				CLANG_WARN_EMPTY_BODY = YES;
				CLANG_WARN_ENUM_CONVERSION = YES;
				CLANG_WARN_INFINITE_RECURSION = YES;
				CLANG_WARN_INT_CONVERSION = YES;
				CLANG_WARN_NON_LITERAL_NULL_CONVERSION = YES;
				CLANG_WARN_OBJC_IMPLICIT_RETAIN_SELF = YES;
				CLANG_WARN_OBJC_LITERAL_CONVERSION = YES;
				CLANG_WARN_OBJC_ROOT_CLASS = YES_ERROR;
				CLANG_WARN_QUOTED_INCLUDE_IN_FRAMEWORK_HEADER = YES;
				CLANG_WARN_RANGE_LOOP_ANALYSIS = YES;
				CLANG_WARN_STRICT_PROTOTYPES = YES;
				CLANG_WARN_SUSPICIOUS_MOVE = YES;
				CLANG_WARN_UNGUARDED_AVAILABILITY = YES_AGGRESSIVE;
				CLANG_WARN_UNREACHABLE_CODE = YES;
				CLANG_WARN__DUPLICATE_METHOD_MATCH = YES;
				COPY_PHASE_STRIP = NO;
				DEBUG_INFORMATION_FORMAT = "dwarf-with-dsym";
				ENABLE_NS_ASSERTIONS = NO;
				ENABLE_STRICT_OBJC_MSGSEND = YES;
				GCC_C_LANGUAGE_STANDARD = gnu11;
				GCC_NO_COMMON_BLOCKS = YES;
				GCC_WARN_64_TO_32_BIT_CONVERSION = YES;
				GCC_WARN_ABOUT_RETURN_TYPE = YES_ERROR;
				GCC_WARN_UNDECLARED_SELECTOR = YES;
				GCC_WARN_UNINITIALIZED_AUTOS = YES_AGGRESSIVE;
				GCC_WARN_UNUSED_FUNCTION = YES;
				GCC_WARN_UNUSED_VARIABLE = YES;
				INFOPLIST_FILE = "/Users/jiheesmac/개발/Airbnb/Airbnb/Airbnb/Resources";
				IPHONEOS_DEPLOYMENT_TARGET = 15.5;
				MTL_ENABLE_DEBUG_INFO = NO;
				MTL_FAST_MATH = YES;
				SDKROOT = iphoneos;
				SWIFT_COMPILATION_MODE = wholemodule;
				SWIFT_OPTIMIZATION_LEVEL = "-O";
				VALIDATE_PRODUCT = YES;
			};
			name = Release;
		};
		7330527028770546009065CC /* Debug */ = {
			isa = XCBuildConfiguration;
			baseConfigurationReference = 2239697FCC590997A7663121 /* Pods-Airbnb.debug.xcconfig */;
			buildSettings = {
				ASSETCATALOG_COMPILER_APPICON_NAME = AppIcon;
				ASSETCATALOG_COMPILER_GLOBAL_ACCENT_COLOR_NAME = AccentColor;
				CODE_SIGN_STYLE = Automatic;
				CURRENT_PROJECT_VERSION = 1;
				DEVELOPMENT_TEAM = 6Y9V523M6R;
				GENERATE_INFOPLIST_FILE = YES;
				INFOPLIST_FILE = Airbnb/Resources/Info.plist;
				INFOPLIST_KEY_UIApplicationSupportsIndirectInputEvents = YES;
				INFOPLIST_KEY_UILaunchStoryboardName = LaunchScreen;
				INFOPLIST_KEY_UISupportedInterfaceOrientations_iPad = "UIInterfaceOrientationPortrait UIInterfaceOrientationPortraitUpsideDown UIInterfaceOrientationLandscapeLeft UIInterfaceOrientationLandscapeRight";
				INFOPLIST_KEY_UISupportedInterfaceOrientations_iPhone = "UIInterfaceOrientationPortrait UIInterfaceOrientationLandscapeLeft UIInterfaceOrientationLandscapeRight";
				LD_RUNPATH_SEARCH_PATHS = (
					"$(inherited)",
					"@executable_path/Frameworks",
				);
				MARKETING_VERSION = 1.0;
				PRODUCT_BUNDLE_IDENTIFIER = com.jihee.jeebnb;
				PRODUCT_NAME = "$(TARGET_NAME)";
				SWIFT_EMIT_LOC_STRINGS = YES;
				SWIFT_VERSION = 5.0;
				TARGETED_DEVICE_FAMILY = "1,2";
			};
			name = Debug;
		};
		7330527128770546009065CC /* Release */ = {
			isa = XCBuildConfiguration;
			baseConfigurationReference = 4FB252D9B70782520BD4F91C /* Pods-Airbnb.release.xcconfig */;
			buildSettings = {
				ASSETCATALOG_COMPILER_APPICON_NAME = AppIcon;
				ASSETCATALOG_COMPILER_GLOBAL_ACCENT_COLOR_NAME = AccentColor;
				CODE_SIGN_STYLE = Automatic;
				CURRENT_PROJECT_VERSION = 1;
				DEVELOPMENT_TEAM = 6Y9V523M6R;
				GENERATE_INFOPLIST_FILE = YES;
				INFOPLIST_FILE = Airbnb/Resources/Info.plist;
				INFOPLIST_KEY_UIApplicationSupportsIndirectInputEvents = YES;
				INFOPLIST_KEY_UILaunchStoryboardName = LaunchScreen;
				INFOPLIST_KEY_UISupportedInterfaceOrientations_iPad = "UIInterfaceOrientationPortrait UIInterfaceOrientationPortraitUpsideDown UIInterfaceOrientationLandscapeLeft UIInterfaceOrientationLandscapeRight";
				INFOPLIST_KEY_UISupportedInterfaceOrientations_iPhone = "UIInterfaceOrientationPortrait UIInterfaceOrientationLandscapeLeft UIInterfaceOrientationLandscapeRight";
				LD_RUNPATH_SEARCH_PATHS = (
					"$(inherited)",
					"@executable_path/Frameworks",
				);
				MARKETING_VERSION = 1.0;
				PRODUCT_BUNDLE_IDENTIFIER = com.jihee.jeebnb;
				PRODUCT_NAME = "$(TARGET_NAME)";
				SWIFT_EMIT_LOC_STRINGS = YES;
				SWIFT_VERSION = 5.0;
				TARGETED_DEVICE_FAMILY = "1,2";
			};
			name = Release;
		};
/* End XCBuildConfiguration section */

/* Begin XCConfigurationList section */
		7330525628770543009065CC /* Build configuration list for PBXProject "Airbnb" */ = {
			isa = XCConfigurationList;
			buildConfigurations = (
				7330526D28770546009065CC /* Debug */,
				7330526E28770546009065CC /* Release */,
			);
			defaultConfigurationIsVisible = 0;
			defaultConfigurationName = Release;
		};
		7330526F28770546009065CC /* Build configuration list for PBXNativeTarget "Airbnb" */ = {
			isa = XCConfigurationList;
			buildConfigurations = (
				7330527028770546009065CC /* Debug */,
				7330527128770546009065CC /* Release */,
			);
			defaultConfigurationIsVisible = 0;
			defaultConfigurationName = Release;
		};
/* End XCConfigurationList section */
	};
	rootObject = 7330525328770543009065CC /* Project object */;
}
